
Microsoft Visual Studio Solution File, Format Version 12.00
# Visual Studio 2013
VisualStudioVersion = 12.0.31101.0
MinimumVisualStudioVersion = 10.0.40219.1
Project("{2150E333-8FDC-42A3-9474-1A3956D46DE8}") = "Platform", "Platform", "{0CAFEF7D-158E-4036-950E-8993D97301C6}"
EndProject
Project("{FAE04EC0-301F-11D3-BF4B-00C04F79EFBC}") = "Adapters", "Platform\Adapters\Adapters.csproj", "{3F789879-0944-463C-A747-2F74AD916186}"
	ProjectSection(ProjectDependencies) = postProject
		{540D10B0-39FE-47E7-86AB-AFF845791DAF} = {540D10B0-39FE-47E7-86AB-AFF845791DAF}
	EndProjectSection
EndProject
Project("{FAE04EC0-301F-11D3-BF4B-00C04F79EFBC}") = "AuthenticationService", "Platform\Authentication\AuthenticationService.csproj", "{DB0E2F8C-2834-470B-8BC8-879A35DF570B}"
EndProject
Project("{FAE04EC0-301F-11D3-BF4B-00C04F79EFBC}") = "Contracts", "Platform\Contracts\Contracts.csproj", "{F1F63113-59BE-4CB9-90AB-0FEA9DE4379E}"
EndProject
Project("{FAE04EC0-301F-11D3-BF4B-00C04F79EFBC}") = "DeviceScout", "Platform\DeviceScout\DeviceScout.csproj", "{74363882-6ECC-40F5-A7E7-139DD95B52D3}"
	ProjectSection(ProjectDependencies) = postProject
		{6F879B8B-C4B1-4E8D-9BF2-C6376B05E4EC} = {6F879B8B-C4B1-4E8D-9BF2-C6376B05E4EC}
	EndProjectSection
EndProject
Project("{2150E333-8FDC-42A3-9474-1A3956D46DE8}") = "Configs", "Configs", "{5D0E1C54-71C7-4F61-8E45-6B956BE335F6}"
EndProject
Project("{2150E333-8FDC-42A3-9474-1A3956D46DE8}") = "HomeStore", "HomeStore", "{ACC082B7-4704-4192-B0DC-DF1BAA1FFD2B}"
	ProjectSection(SolutionItems) = preProject
		Platform\HomeStore\DeviceDb.xml = Platform\HomeStore\DeviceDb.xml
		Platform\HomeStore\ModuleDb.xml = Platform\HomeStore\ModuleDb.xml
		Platform\HomeStore\RoleDb.xml = Platform\HomeStore\RoleDb.xml
		Platform\HomeStore\ScoutDb.xml = Platform\HomeStore\ScoutDb.xml
	EndProjectSection
EndProject
Project("{2150E333-8FDC-42A3-9474-1A3956D46DE8}") = "Config", "Config", "{E3818F5A-6F9F-43F8-9EA7-9B9A8D45E77D}"
	ProjectSection(SolutionItems) = preProject
		Platform\Configs\Config\.versiondef = Platform\Configs\Config\.versiondef
		Platform\Configs\Config\Devices.xml = Platform\Configs\Config\Devices.xml
		Platform\Configs\Config\Globals.xml = Platform\Configs\Config\Globals.xml
		Platform\Configs\Config\Locations.xml = Platform\Configs\Config\Locations.xml
		Platform\Configs\Config\Modules.xml = Platform\Configs\Config\Modules.xml
		Platform\Configs\Config\Rules.xml = Platform\Configs\Config\Rules.xml
		Platform\Configs\Config\Scouts.xml = Platform\Configs\Config\Scouts.xml
		Platform\Configs\Config\Services.xml = Platform\Configs\Config\Services.xml
		Platform\Configs\Config\Settings.xml = Platform\Configs\Config\Settings.xml
		Platform\Configs\Config\Users.xml = Platform\Configs\Config\Users.xml
	EndProjectSection
EndProject
Project("{2150E333-8FDC-42A3-9474-1A3956D46DE8}") = "DummyConfig", "DummyConfig", "{C1320F2A-68C3-4A29-9193-AEEC1FDBC181}"
	ProjectSection(SolutionItems) = preProject
		Platform\Configs\DummyConfig\Devices.xml = Platform\Configs\DummyConfig\Devices.xml
		DigitalMediaConfiguration.xml = DigitalMediaConfiguration.xml
		Platform\Configs\DummyConfig\Globals.xml = Platform\Configs\DummyConfig\Globals.xml
		Platform\Configs\DummyConfig\Locations.xml = Platform\Configs\DummyConfig\Locations.xml
		Platform\Configs\DummyConfig\Modules.xml = Platform\Configs\DummyConfig\Modules.xml
		Platform\Configs\DummyConfig\Rules.xml = Platform\Configs\DummyConfig\Rules.xml
		Platform\Configs\DummyConfig\Scouts.xml = Platform\Configs\DummyConfig\Scouts.xml
		Platform\Configs\DummyConfig\Services.xml = Platform\Configs\DummyConfig\Services.xml
		Platform\Configs\DummyConfig\Settings.xml = Platform\Configs\DummyConfig\Settings.xml
		Platform\Configs\DummyConfig\Users.xml = Platform\Configs\DummyConfig\Users.xml
	EndProjectSection
EndProject
Project("{FAE04EC0-301F-11D3-BF4B-00C04F79EFBC}") = "HomeService", "Platform\HomeService\HomeService.csproj", "{62467325-6D15-4161-A09D-07B7793DAB68}"
	ProjectSection(ProjectDependencies) = postProject
		{6F879B8B-C4B1-4E8D-9BF2-C6376B05E4EC} = {6F879B8B-C4B1-4E8D-9BF2-C6376B05E4EC}
	EndProjectSection
EndProject
Project("{FAE04EC0-301F-11D3-BF4B-00C04F79EFBC}") = "ManagedWifi", "Platform\ManagedWifi\ManagedWifi.csproj", "{D9B1E621-4C9D-4E76-8575-5B2F8FBB8988}"
EndProject
Project("{FAE04EC0-301F-11D3-BF4B-00C04F79EFBC}") = "Platform", "Platform\Platform\Platform.csproj", "{2B68B717-75D4-44CE-B6E8-64249A5F9A70}"
EndProject
Project("{FAE04EC0-301F-11D3-BF4B-00C04F79EFBC}") = "Views", "Platform\View\Views.csproj", "{71272F38-FC7D-4170-8411-51E27200C791}"
EndProject
Project("{2150E333-8FDC-42A3-9474-1A3956D46DE8}") = "Common", "Common", "{CDE8BFB6-BC30-473E-B6B6-96F0300FC605}"
EndProject
Project("{FAE04EC0-301F-11D3-BF4B-00C04F79EFBC}") = "Common", "Common\Common.csproj", "{6F879B8B-C4B1-4E8D-9BF2-C6376B05E4EC}"
	ProjectSection(ProjectDependencies) = postProject
		{540D10B0-39FE-47E7-86AB-AFF845791DAF} = {540D10B0-39FE-47E7-86AB-AFF845791DAF}
		{7ED475E8-A68E-43D7-AB54-624B6A4A0EAE} = {7ED475E8-A68E-43D7-AB54-624B6A4A0EAE}
	EndProjectSection
EndProject
Project("{2150E333-8FDC-42A3-9474-1A3956D46DE8}") = "WebCam", "WebCam", "{D2313E72-6ADE-4DAB-AE30-D61B40923DF1}"
EndProject
Project("{FAE04EC0-301F-11D3-BF4B-00C04F79EFBC}") = "WebCamWrapper", "Common\WebCam\WebCamWrapper\WebCamWrapper.csproj", "{CC5D5149-0092-4508-AC34-2ABE1468A1C9}"
EndProject
Project("{8BC9CEB8-8B4A-11D0-8D11-00A0C91BC942}") = "WebCamLib", "Common\WebCam\WebCamLib\WebCamLib.vcxproj", "{FD48314A-9615-4BA6-913A-03787FB2DD30}"
EndProject
Project("{FAE04EC0-301F-11D3-BF4B-00C04F79EFBC}") = "Shared", "..\Shared\Shared.csproj", "{10571A55-2270-4A83-9B56-28C186BAC59D}"
EndProject
Project("{2150E333-8FDC-42A3-9474-1A3956D46DE8}") = "DashboardWeb", "DashboardWeb", "{51C9B50C-3291-4FFF-80FC-CD8945AD271B}"
EndProject
Project("{FAE04EC0-301F-11D3-BF4B-00C04F79EFBC}") = "DashboardWeb", "Dashboard\DashboardWeb\DashboardWeb.csproj", "{F53D1B3A-6159-4F76-9253-4E486E72D835}"
EndProject
Project("{2150E333-8FDC-42A3-9474-1A3956D46DE8}") = "Apps", "Apps", "{7EF50C0F-42A9-4737-8EF2-B9AC73FFACA4}"
EndProject
Project("{2150E333-8FDC-42A3-9474-1A3956D46DE8}") = "Drivers", "Drivers", "{074F4C41-ED3D-410D-8967-411AD26EEDF2}"
EndProject
Project("{2150E333-8FDC-42A3-9474-1A3956D46DE8}") = "Dummy", "Dummy", "{C50E6817-17A6-4B28-95A7-0B04912A679B}"
EndProject
Project("{FAE04EC0-301F-11D3-BF4B-00C04F79EFBC}") = "Dummy", "Apps\Dummy\Dummy.csproj", "{93CF03B5-8A1A-4E3A-B9DE-2A42BDAC6858}"
	ProjectSection(ProjectDependencies) = postProject
		{2B68B717-75D4-44CE-B6E8-64249A5F9A70} = {2B68B717-75D4-44CE-B6E8-64249A5F9A70}
		{71272F38-FC7D-4170-8411-51E27200C791} = {71272F38-FC7D-4170-8411-51E27200C791}
		{10571A55-2270-4A83-9B56-28C186BAC59D} = {10571A55-2270-4A83-9B56-28C186BAC59D}
		{6F879B8B-C4B1-4E8D-9BF2-C6376B05E4EC} = {6F879B8B-C4B1-4E8D-9BF2-C6376B05E4EC}
	EndProjectSection
EndProject
Project("{2150E333-8FDC-42A3-9474-1A3956D46DE8}") = "Dummy", "Dummy", "{659BFB35-376D-46D7-846A-E2319D14F67B}"
EndProject
Project("{FAE04EC0-301F-11D3-BF4B-00C04F79EFBC}") = "Dummy", "Drivers\Dummy\Dummy.csproj", "{9B69CC8C-22E4-4A2A-AB08-C04CE905F143}"
	ProjectSection(ProjectDependencies) = postProject
		{2B68B717-75D4-44CE-B6E8-64249A5F9A70} = {2B68B717-75D4-44CE-B6E8-64249A5F9A70}
		{71272F38-FC7D-4170-8411-51E27200C791} = {71272F38-FC7D-4170-8411-51E27200C791}
		{6F879B8B-C4B1-4E8D-9BF2-C6376B05E4EC} = {6F879B8B-C4B1-4E8D-9BF2-C6376B05E4EC}
	EndProjectSection
EndProject
Project("{2150E333-8FDC-42A3-9474-1A3956D46DE8}") = "WebCam", "WebCam", "{83C5EB0A-D334-4449-B97C-3FD038460CB4}"
EndProject
Project("{FAE04EC0-301F-11D3-BF4B-00C04F79EFBC}") = "WebCam", "Drivers\WebCam\WebCam.csproj", "{BF532D34-833C-4FB3-88CA-07E58510F130}"
	ProjectSection(ProjectDependencies) = postProject
		{2B68B717-75D4-44CE-B6E8-64249A5F9A70} = {2B68B717-75D4-44CE-B6E8-64249A5F9A70}
		{71272F38-FC7D-4170-8411-51E27200C791} = {71272F38-FC7D-4170-8411-51E27200C791}
		{CC5D5149-0092-4508-AC34-2ABE1468A1C9} = {CC5D5149-0092-4508-AC34-2ABE1468A1C9}
		{FD48314A-9615-4BA6-913A-03787FB2DD30} = {FD48314A-9615-4BA6-913A-03787FB2DD30}
		{10571A55-2270-4A83-9B56-28C186BAC59D} = {10571A55-2270-4A83-9B56-28C186BAC59D}
		{6F879B8B-C4B1-4E8D-9BF2-C6376B05E4EC} = {6F879B8B-C4B1-4E8D-9BF2-C6376B05E4EC}
	EndProjectSection
EndProject
Project("{2150E333-8FDC-42A3-9474-1A3956D46DE8}") = "CameraViewer", "CameraViewer", "{20200902-FF8F-419B-8A53-08897DAFF3E6}"
EndProject
Project("{FAE04EC0-301F-11D3-BF4B-00C04F79EFBC}") = "SmartCam", "Apps\SmartCam\SmartCam.csproj", "{7C1E0409-69EF-407F-B063-29057BE04992}"
	ProjectSection(ProjectDependencies) = postProject
		{2B68B717-75D4-44CE-B6E8-64249A5F9A70} = {2B68B717-75D4-44CE-B6E8-64249A5F9A70}
		{71272F38-FC7D-4170-8411-51E27200C791} = {71272F38-FC7D-4170-8411-51E27200C791}
		{10571A55-2270-4A83-9B56-28C186BAC59D} = {10571A55-2270-4A83-9B56-28C186BAC59D}
		{6F879B8B-C4B1-4E8D-9BF2-C6376B05E4EC} = {6F879B8B-C4B1-4E8D-9BF2-C6376B05E4EC}
		{239CA191-4A9B-4C7D-BC61-D1B82CD678D5} = {239CA191-4A9B-4C7D-BC61-D1B82CD678D5}
	EndProjectSection
EndProject
Project("{8BC9CEB8-8B4A-11D0-8D11-00A0C91BC942}") = "SmartRecorder", "Apps\SmartCam\SmartRecorder\SmartRecorder.vcxproj", "{239CA191-4A9B-4C7D-BC61-D1B82CD678D5}"
EndProject
Project("{2150E333-8FDC-42A3-9474-1A3956D46DE8}") = "Scout", "Scout", "{E4C3C6A8-59E2-4BEF-8B56-9EB8169C32B9}"
EndProject
Project("{FAE04EC0-301F-11D3-BF4B-00C04F79EFBC}") = "WebCam", "Scouts\WebCam\WebCam.csproj", "{D3394DA2-560D-4A25-9486-A68503B9E360}"
	ProjectSection(ProjectDependencies) = postProject
		{2B68B717-75D4-44CE-B6E8-64249A5F9A70} = {2B68B717-75D4-44CE-B6E8-64249A5F9A70}
		{71272F38-FC7D-4170-8411-51E27200C791} = {71272F38-FC7D-4170-8411-51E27200C791}
		{CC5D5149-0092-4508-AC34-2ABE1468A1C9} = {CC5D5149-0092-4508-AC34-2ABE1468A1C9}
		{6F879B8B-C4B1-4E8D-9BF2-C6376B05E4EC} = {6F879B8B-C4B1-4E8D-9BF2-C6376B05E4EC}
	EndProjectSection
EndProject
Project("{FAE04EC0-301F-11D3-BF4B-00C04F79EFBC}") = "Dummy", "Scouts\Dummy\Dummy.csproj", "{C72DC6E2-E4DB-4259-94CF-71BF0A4A71A5}"
	ProjectSection(ProjectDependencies) = postProject
		{2B68B717-75D4-44CE-B6E8-64249A5F9A70} = {2B68B717-75D4-44CE-B6E8-64249A5F9A70}
		{71272F38-FC7D-4170-8411-51E27200C791} = {71272F38-FC7D-4170-8411-51E27200C791}
		{74363882-6ECC-40F5-A7E7-139DD95B52D3} = {74363882-6ECC-40F5-A7E7-139DD95B52D3}
		{6F879B8B-C4B1-4E8D-9BF2-C6376B05E4EC} = {6F879B8B-C4B1-4E8D-9BF2-C6376B05E4EC}
	EndProjectSection
EndProject
Project("{2150E333-8FDC-42A3-9474-1A3956D46DE8}") = "Bolt", "Bolt", "{FE3DCEA7-5314-4B3C-A868-4929C3E7C7EC}"
EndProject
Project("{2150E333-8FDC-42A3-9474-1A3956D46DE8}") = "Apps", "Apps", "{0D4841BB-F58D-4149-8C3E-D3061AFD5B10}"
EndProject
Project("{FAE04EC0-301F-11D3-BF4B-00C04F79EFBC}") = "DataStore", "Common\Bolt\DataStore\DataStore.csproj", "{540D10B0-39FE-47E7-86AB-AFF845791DAF}"
	ProjectSection(ProjectDependencies) = postProject
		{7ED475E8-A68E-43D7-AB54-624B6A4A0EAE} = {7ED475E8-A68E-43D7-AB54-624B6A4A0EAE}
	EndProjectSection
EndProject
Project("{FAE04EC0-301F-11D3-BF4B-00C04F79EFBC}") = "DNW", "Common\Bolt\Apps\DNW\DNW.csproj", "{0D706F05-DC94-45E0-A04C-1E7B1078B2D0}"
EndProject
Project("{FAE04EC0-301F-11D3-BF4B-00C04F79EFBC}") = "Energy Data Analytics", "Common\Bolt\Apps\EDA\Energy Data Analytics.csproj", "{E5F76BD9-FD74-4417-96E3-40976F4D73EE}"
EndProject
Project("{FAE04EC0-301F-11D3-BF4B-00C04F79EFBC}") = "HDS_Eval", "Common\Bolt\Apps\HDS_Eval\HDS_Eval.csproj", "{9EF15B65-A6F6-4272-9053-2B02E649D23A}"
EndProject
Project("{FAE04EC0-301F-11D3-BF4B-00C04F79EFBC}") = "HDS_Test", "Common\Bolt\Apps\HDS_Test\HDS_Test.csproj", "{FD4B583E-3F0E-45BF-A0BB-F297E598EE16}"
EndProject
Project("{FAE04EC0-301F-11D3-BF4B-00C04F79EFBC}") = "PreHeat", "Common\Bolt\Apps\PreHeat\PreHeat.csproj", "{53AA0927-CF03-4E55-9EB6-09F4DDACF71F}"
EndProject
Project("{2150E333-8FDC-42A3-9474-1A3956D46DE8}") = "Tools", "Tools", "{E05AE80E-5FD9-4773-8E8F-B691E85BF97A}"
EndProject
Project("{FAE04EC0-301F-11D3-BF4B-00C04F79EFBC}") = "Export2CSV", "Common\Bolt\Tools\Export2CSV\Export2CSV.csproj", "{638A4AC7-9ACE-4061-97E0-1641AC4426FE}"
EndProject
Project("{FAE04EC0-301F-11D3-BF4B-00C04F79EFBC}") = "LoTDataExport", "Common\Bolt\Tools\LoTDataExport\LoTDataExport\LoTDataExport.csproj", "{B73E5910-EFE5-4986-9157-2D4742093D2F}"
	ProjectSection(ProjectDependencies) = postProject
		{6F879B8B-C4B1-4E8D-9BF2-C6376B05E4EC} = {6F879B8B-C4B1-4E8D-9BF2-C6376B05E4EC}
		{540D10B0-39FE-47E7-86AB-AFF845791DAF} = {540D10B0-39FE-47E7-86AB-AFF845791DAF}
	EndProjectSection
EndProject
Project("{FAE04EC0-301F-11D3-BF4B-00C04F79EFBC}") = "LoTDataChecker", "Common\Bolt\Tools\LoTDataChecker\LoTDataChecker\LoTDataChecker.csproj", "{861DF51D-125E-4903-9507-295A03BAEF62}"
	ProjectSection(ProjectDependencies) = postProject
		{6F879B8B-C4B1-4E8D-9BF2-C6376B05E4EC} = {6F879B8B-C4B1-4E8D-9BF2-C6376B05E4EC}
		{540D10B0-39FE-47E7-86AB-AFF845791DAF} = {540D10B0-39FE-47E7-86AB-AFF845791DAF}
	EndProjectSection
EndProject
Project("{FAE04EC0-301F-11D3-BF4B-00C04F79EFBC}") = "MetaDataServer", "Common\Bolt\MetaDataServer\MetaDataServer.csproj", "{7ED475E8-A68E-43D7-AB54-624B6A4A0EAE}"
EndProject
Project("{FAE04EC0-301F-11D3-BF4B-00C04F79EFBC}") = "ReadSyncTester", "Common\Bolt\Apps\ReadStreamSyncTester\ReadSyncTester.csproj", "{0F41432F-0D09-4A88-ABB9-100EC03BC605}"
EndProject
Project("{FAE04EC0-301F-11D3-BF4B-00C04F79EFBC}") = "WriteSyncTester", "Common\Bolt\Apps\WriteStreamSyncTester\WriteSyncTester.csproj", "{086EAC54-BC4D-45CD-98FC-62FF04D8C546}"
EndProject
Project("{FAE04EC0-301F-11D3-BF4B-00C04F79EFBC}") = "DataStoreCommon", "Common\Bolt\DataStoreCommon\DataStoreCommon.csproj", "{6494BCCD-3FE4-493F-8C5E-01BD3F91DADB}"
EndProject
Project("{FAE04EC0-301F-11D3-BF4B-00C04F79EFBC}") = "DigitalMedia", "Scouts\DigitalMedia\DigitalMedia.csproj", "{6DEB2240-E8B5-4EB2-A868-8A08BCD1F151}"
EndProject
Project("{2150E333-8FDC-42A3-9474-1A3956D46DE8}") = "DigitalMedia", "DigitalMedia", "{C44D49C6-A119-4D60-BA56-A8F9F438A170}"
EndProject
Project("{FAE04EC0-301F-11D3-BF4B-00C04F79EFBC}") = "DigitalMedia", "Apps\DigitalMedia\DigitalMedia.csproj", "{65010BD1-7336-4EA9-8012-67ED7BB2F11F}"
EndProject
Project("{FAE04EC0-301F-11D3-BF4B-00C04F79EFBC}") = "DigitalMedia", "Drivers\DigitalMedia\DigitalMedia.csproj", "{642D9864-3CD7-404B-99B0-710D66E307F6}"
EndProject
Global
	GlobalSection(SolutionConfigurationPlatforms) = preSolution
		ClientDebug|Any CPU = ClientDebug|Any CPU
		ClientDebug|Mixed Platforms = ClientDebug|Mixed Platforms
		ClientDebug|Win32 = ClientDebug|Win32
		ClientDebug|x64 = ClientDebug|x64
		ClientDebug|x86 = ClientDebug|x86
		Debug|Any CPU = Debug|Any CPU
		Debug|Mixed Platforms = Debug|Mixed Platforms
		Debug|Win32 = Debug|Win32
		Debug|x64 = Debug|x64
		Debug|x86 = Debug|x86
		Release|Any CPU = Release|Any CPU
		Release|Mixed Platforms = Release|Mixed Platforms
		Release|Win32 = Release|Win32
		Release|x64 = Release|x64
		Release|x86 = Release|x86
	EndGlobalSection
	GlobalSection(ProjectConfigurationPlatforms) = postSolution
		{3F789879-0944-463C-A747-2F74AD916186}.ClientDebug|Any CPU.ActiveCfg = Debug|Any CPU
		{3F789879-0944-463C-A747-2F74AD916186}.ClientDebug|Any CPU.Build.0 = Debug|Any CPU
		{3F789879-0944-463C-A747-2F74AD916186}.ClientDebug|Mixed Platforms.ActiveCfg = Debug|Any CPU
		{3F789879-0944-463C-A747-2F74AD916186}.ClientDebug|Mixed Platforms.Build.0 = Debug|Any CPU
		{3F789879-0944-463C-A747-2F74AD916186}.ClientDebug|Win32.ActiveCfg = Debug|Any CPU
		{3F789879-0944-463C-A747-2F74AD916186}.ClientDebug|x64.ActiveCfg = Debug|Any CPU
		{3F789879-0944-463C-A747-2F74AD916186}.ClientDebug|x86.ActiveCfg = Debug|Any CPU
		{3F789879-0944-463C-A747-2F74AD916186}.Debug|Any CPU.ActiveCfg = Debug|Any CPU
		{3F789879-0944-463C-A747-2F74AD916186}.Debug|Any CPU.Build.0 = Debug|Any CPU
		{3F789879-0944-463C-A747-2F74AD916186}.Debug|Mixed Platforms.ActiveCfg = Debug|Any CPU
		{3F789879-0944-463C-A747-2F74AD916186}.Debug|Mixed Platforms.Build.0 = Debug|Any CPU
		{3F789879-0944-463C-A747-2F74AD916186}.Debug|Win32.ActiveCfg = Debug|Any CPU
		{3F789879-0944-463C-A747-2F74AD916186}.Debug|x64.ActiveCfg = Debug|Any CPU
		{3F789879-0944-463C-A747-2F74AD916186}.Debug|x86.ActiveCfg = Debug|Any CPU
		{3F789879-0944-463C-A747-2F74AD916186}.Release|Any CPU.ActiveCfg = Release|Any CPU
		{3F789879-0944-463C-A747-2F74AD916186}.Release|Any CPU.Build.0 = Release|Any CPU
		{3F789879-0944-463C-A747-2F74AD916186}.Release|Mixed Platforms.ActiveCfg = Release|Any CPU
		{3F789879-0944-463C-A747-2F74AD916186}.Release|Mixed Platforms.Build.0 = Release|Any CPU
		{3F789879-0944-463C-A747-2F74AD916186}.Release|Win32.ActiveCfg = Release|Any CPU
		{3F789879-0944-463C-A747-2F74AD916186}.Release|x64.ActiveCfg = Release|Any CPU
		{3F789879-0944-463C-A747-2F74AD916186}.Release|x86.ActiveCfg = Release|Any CPU
		{DB0E2F8C-2834-470B-8BC8-879A35DF570B}.ClientDebug|Any CPU.ActiveCfg = Debug|Any CPU
		{DB0E2F8C-2834-470B-8BC8-879A35DF570B}.ClientDebug|Any CPU.Build.0 = Debug|Any CPU
		{DB0E2F8C-2834-470B-8BC8-879A35DF570B}.ClientDebug|Mixed Platforms.ActiveCfg = Debug|Any CPU
		{DB0E2F8C-2834-470B-8BC8-879A35DF570B}.ClientDebug|Mixed Platforms.Build.0 = Debug|Any CPU
		{DB0E2F8C-2834-470B-8BC8-879A35DF570B}.ClientDebug|Win32.ActiveCfg = Debug|Any CPU
		{DB0E2F8C-2834-470B-8BC8-879A35DF570B}.ClientDebug|x64.ActiveCfg = Debug|Any CPU
		{DB0E2F8C-2834-470B-8BC8-879A35DF570B}.ClientDebug|x86.ActiveCfg = Debug|Any CPU
		{DB0E2F8C-2834-470B-8BC8-879A35DF570B}.Debug|Any CPU.ActiveCfg = Debug|Any CPU
		{DB0E2F8C-2834-470B-8BC8-879A35DF570B}.Debug|Any CPU.Build.0 = Debug|Any CPU
		{DB0E2F8C-2834-470B-8BC8-879A35DF570B}.Debug|Mixed Platforms.ActiveCfg = Debug|Any CPU
		{DB0E2F8C-2834-470B-8BC8-879A35DF570B}.Debug|Mixed Platforms.Build.0 = Debug|Any CPU
		{DB0E2F8C-2834-470B-8BC8-879A35DF570B}.Debug|Win32.ActiveCfg = Debug|Any CPU
		{DB0E2F8C-2834-470B-8BC8-879A35DF570B}.Debug|x64.ActiveCfg = Debug|Any CPU
		{DB0E2F8C-2834-470B-8BC8-879A35DF570B}.Debug|x86.ActiveCfg = Debug|Any CPU
		{DB0E2F8C-2834-470B-8BC8-879A35DF570B}.Release|Any CPU.ActiveCfg = Release|Any CPU
		{DB0E2F8C-2834-470B-8BC8-879A35DF570B}.Release|Any CPU.Build.0 = Release|Any CPU
		{DB0E2F8C-2834-470B-8BC8-879A35DF570B}.Release|Mixed Platforms.ActiveCfg = Release|Any CPU
		{DB0E2F8C-2834-470B-8BC8-879A35DF570B}.Release|Mixed Platforms.Build.0 = Release|Any CPU
		{DB0E2F8C-2834-470B-8BC8-879A35DF570B}.Release|Win32.ActiveCfg = Release|Any CPU
		{DB0E2F8C-2834-470B-8BC8-879A35DF570B}.Release|x64.ActiveCfg = Release|Any CPU
		{DB0E2F8C-2834-470B-8BC8-879A35DF570B}.Release|x86.ActiveCfg = Release|Any CPU
		{F1F63113-59BE-4CB9-90AB-0FEA9DE4379E}.ClientDebug|Any CPU.ActiveCfg = Debug|Any CPU
		{F1F63113-59BE-4CB9-90AB-0FEA9DE4379E}.ClientDebug|Any CPU.Build.0 = Debug|Any CPU
		{F1F63113-59BE-4CB9-90AB-0FEA9DE4379E}.ClientDebug|Mixed Platforms.ActiveCfg = Debug|Any CPU
		{F1F63113-59BE-4CB9-90AB-0FEA9DE4379E}.ClientDebug|Mixed Platforms.Build.0 = Debug|Any CPU
		{F1F63113-59BE-4CB9-90AB-0FEA9DE4379E}.ClientDebug|Win32.ActiveCfg = Debug|Any CPU
		{F1F63113-59BE-4CB9-90AB-0FEA9DE4379E}.ClientDebug|x64.ActiveCfg = Debug|Any CPU
		{F1F63113-59BE-4CB9-90AB-0FEA9DE4379E}.ClientDebug|x86.ActiveCfg = Debug|Any CPU
		{F1F63113-59BE-4CB9-90AB-0FEA9DE4379E}.Debug|Any CPU.ActiveCfg = Debug|Any CPU
		{F1F63113-59BE-4CB9-90AB-0FEA9DE4379E}.Debug|Any CPU.Build.0 = Debug|Any CPU
		{F1F63113-59BE-4CB9-90AB-0FEA9DE4379E}.Debug|Mixed Platforms.ActiveCfg = Debug|Any CPU
		{F1F63113-59BE-4CB9-90AB-0FEA9DE4379E}.Debug|Mixed Platforms.Build.0 = Debug|Any CPU
		{F1F63113-59BE-4CB9-90AB-0FEA9DE4379E}.Debug|Win32.ActiveCfg = Debug|Any CPU
		{F1F63113-59BE-4CB9-90AB-0FEA9DE4379E}.Debug|x64.ActiveCfg = Debug|Any CPU
		{F1F63113-59BE-4CB9-90AB-0FEA9DE4379E}.Debug|x86.ActiveCfg = Debug|Any CPU
		{F1F63113-59BE-4CB9-90AB-0FEA9DE4379E}.Release|Any CPU.ActiveCfg = Release|Any CPU
		{F1F63113-59BE-4CB9-90AB-0FEA9DE4379E}.Release|Any CPU.Build.0 = Release|Any CPU
		{F1F63113-59BE-4CB9-90AB-0FEA9DE4379E}.Release|Mixed Platforms.ActiveCfg = Release|Any CPU
		{F1F63113-59BE-4CB9-90AB-0FEA9DE4379E}.Release|Mixed Platforms.Build.0 = Release|Any CPU
		{F1F63113-59BE-4CB9-90AB-0FEA9DE4379E}.Release|Win32.ActiveCfg = Release|Any CPU
		{F1F63113-59BE-4CB9-90AB-0FEA9DE4379E}.Release|x64.ActiveCfg = Release|Any CPU
		{F1F63113-59BE-4CB9-90AB-0FEA9DE4379E}.Release|x86.ActiveCfg = Release|Any CPU
		{74363882-6ECC-40F5-A7E7-139DD95B52D3}.ClientDebug|Any CPU.ActiveCfg = Debug|x86
		{74363882-6ECC-40F5-A7E7-139DD95B52D3}.ClientDebug|Mixed Platforms.ActiveCfg = Debug|x86
		{74363882-6ECC-40F5-A7E7-139DD95B52D3}.ClientDebug|Mixed Platforms.Build.0 = Debug|x86
		{74363882-6ECC-40F5-A7E7-139DD95B52D3}.ClientDebug|Win32.ActiveCfg = Debug|x86
		{74363882-6ECC-40F5-A7E7-139DD95B52D3}.ClientDebug|Win32.Build.0 = Debug|x86
		{74363882-6ECC-40F5-A7E7-139DD95B52D3}.ClientDebug|x64.ActiveCfg = Debug|x86
		{74363882-6ECC-40F5-A7E7-139DD95B52D3}.ClientDebug|x86.ActiveCfg = Debug|x86
		{74363882-6ECC-40F5-A7E7-139DD95B52D3}.ClientDebug|x86.Build.0 = Debug|x86
		{74363882-6ECC-40F5-A7E7-139DD95B52D3}.Debug|Any CPU.ActiveCfg = Debug|x86
		{74363882-6ECC-40F5-A7E7-139DD95B52D3}.Debug|Mixed Platforms.ActiveCfg = Debug|x86
		{74363882-6ECC-40F5-A7E7-139DD95B52D3}.Debug|Mixed Platforms.Build.0 = Debug|x86
		{74363882-6ECC-40F5-A7E7-139DD95B52D3}.Debug|Win32.ActiveCfg = Debug|x86
		{74363882-6ECC-40F5-A7E7-139DD95B52D3}.Debug|Win32.Build.0 = Debug|x86
		{74363882-6ECC-40F5-A7E7-139DD95B52D3}.Debug|x64.ActiveCfg = Debug|x86
		{74363882-6ECC-40F5-A7E7-139DD95B52D3}.Debug|x86.ActiveCfg = Debug|x86
		{74363882-6ECC-40F5-A7E7-139DD95B52D3}.Debug|x86.Build.0 = Debug|x86
		{74363882-6ECC-40F5-A7E7-139DD95B52D3}.Release|Any CPU.ActiveCfg = Release|x86
		{74363882-6ECC-40F5-A7E7-139DD95B52D3}.Release|Mixed Platforms.ActiveCfg = Release|x86
		{74363882-6ECC-40F5-A7E7-139DD95B52D3}.Release|Mixed Platforms.Build.0 = Release|x86
		{74363882-6ECC-40F5-A7E7-139DD95B52D3}.Release|Win32.ActiveCfg = Release|x86
		{74363882-6ECC-40F5-A7E7-139DD95B52D3}.Release|Win32.Build.0 = Release|x86
		{74363882-6ECC-40F5-A7E7-139DD95B52D3}.Release|x64.ActiveCfg = Release|x86
		{74363882-6ECC-40F5-A7E7-139DD95B52D3}.Release|x86.ActiveCfg = Release|x86
		{74363882-6ECC-40F5-A7E7-139DD95B52D3}.Release|x86.Build.0 = Release|x86
		{62467325-6D15-4161-A09D-07B7793DAB68}.ClientDebug|Any CPU.ActiveCfg = Debug|Any CPU
		{62467325-6D15-4161-A09D-07B7793DAB68}.ClientDebug|Any CPU.Build.0 = Debug|Any CPU
		{62467325-6D15-4161-A09D-07B7793DAB68}.ClientDebug|Mixed Platforms.ActiveCfg = Debug|Any CPU
		{62467325-6D15-4161-A09D-07B7793DAB68}.ClientDebug|Mixed Platforms.Build.0 = Debug|Any CPU
		{62467325-6D15-4161-A09D-07B7793DAB68}.ClientDebug|Win32.ActiveCfg = Debug|Any CPU
		{62467325-6D15-4161-A09D-07B7793DAB68}.ClientDebug|x64.ActiveCfg = Debug|Any CPU
		{62467325-6D15-4161-A09D-07B7793DAB68}.ClientDebug|x86.ActiveCfg = Debug|Any CPU
		{62467325-6D15-4161-A09D-07B7793DAB68}.Debug|Any CPU.ActiveCfg = Debug|Any CPU
		{62467325-6D15-4161-A09D-07B7793DAB68}.Debug|Any CPU.Build.0 = Debug|Any CPU
		{62467325-6D15-4161-A09D-07B7793DAB68}.Debug|Mixed Platforms.ActiveCfg = Debug|Any CPU
		{62467325-6D15-4161-A09D-07B7793DAB68}.Debug|Mixed Platforms.Build.0 = Debug|Any CPU
		{62467325-6D15-4161-A09D-07B7793DAB68}.Debug|Win32.ActiveCfg = Debug|Any CPU
		{62467325-6D15-4161-A09D-07B7793DAB68}.Debug|x64.ActiveCfg = Debug|Any CPU
		{62467325-6D15-4161-A09D-07B7793DAB68}.Debug|x86.ActiveCfg = Debug|Any CPU
		{62467325-6D15-4161-A09D-07B7793DAB68}.Release|Any CPU.ActiveCfg = Release|Any CPU
		{62467325-6D15-4161-A09D-07B7793DAB68}.Release|Any CPU.Build.0 = Release|Any CPU
		{62467325-6D15-4161-A09D-07B7793DAB68}.Release|Mixed Platforms.ActiveCfg = Release|Any CPU
		{62467325-6D15-4161-A09D-07B7793DAB68}.Release|Mixed Platforms.Build.0 = Release|Any CPU
		{62467325-6D15-4161-A09D-07B7793DAB68}.Release|Win32.ActiveCfg = Release|Any CPU
		{62467325-6D15-4161-A09D-07B7793DAB68}.Release|x64.ActiveCfg = Release|Any CPU
		{62467325-6D15-4161-A09D-07B7793DAB68}.Release|x86.ActiveCfg = Release|Any CPU
		{D9B1E621-4C9D-4E76-8575-5B2F8FBB8988}.ClientDebug|Any CPU.ActiveCfg = Debug|Any CPU
		{D9B1E621-4C9D-4E76-8575-5B2F8FBB8988}.ClientDebug|Any CPU.Build.0 = Debug|Any CPU
		{D9B1E621-4C9D-4E76-8575-5B2F8FBB8988}.ClientDebug|Mixed Platforms.ActiveCfg = Debug|Any CPU
		{D9B1E621-4C9D-4E76-8575-5B2F8FBB8988}.ClientDebug|Mixed Platforms.Build.0 = Debug|Any CPU
		{D9B1E621-4C9D-4E76-8575-5B2F8FBB8988}.ClientDebug|Win32.ActiveCfg = Debug|Any CPU
		{D9B1E621-4C9D-4E76-8575-5B2F8FBB8988}.ClientDebug|x64.ActiveCfg = Debug|Any CPU
		{D9B1E621-4C9D-4E76-8575-5B2F8FBB8988}.ClientDebug|x86.ActiveCfg = Debug|Any CPU
		{D9B1E621-4C9D-4E76-8575-5B2F8FBB8988}.Debug|Any CPU.ActiveCfg = Debug|Any CPU
		{D9B1E621-4C9D-4E76-8575-5B2F8FBB8988}.Debug|Any CPU.Build.0 = Debug|Any CPU
		{D9B1E621-4C9D-4E76-8575-5B2F8FBB8988}.Debug|Mixed Platforms.ActiveCfg = Debug|Any CPU
		{D9B1E621-4C9D-4E76-8575-5B2F8FBB8988}.Debug|Mixed Platforms.Build.0 = Debug|Any CPU
		{D9B1E621-4C9D-4E76-8575-5B2F8FBB8988}.Debug|Win32.ActiveCfg = Debug|Any CPU
		{D9B1E621-4C9D-4E76-8575-5B2F8FBB8988}.Debug|x64.ActiveCfg = Debug|Any CPU
		{D9B1E621-4C9D-4E76-8575-5B2F8FBB8988}.Debug|x86.ActiveCfg = Debug|Any CPU
		{D9B1E621-4C9D-4E76-8575-5B2F8FBB8988}.Release|Any CPU.ActiveCfg = Release|Any CPU
		{D9B1E621-4C9D-4E76-8575-5B2F8FBB8988}.Release|Any CPU.Build.0 = Release|Any CPU
		{D9B1E621-4C9D-4E76-8575-5B2F8FBB8988}.Release|Mixed Platforms.ActiveCfg = Release|Any CPU
		{D9B1E621-4C9D-4E76-8575-5B2F8FBB8988}.Release|Mixed Platforms.Build.0 = Release|Any CPU
		{D9B1E621-4C9D-4E76-8575-5B2F8FBB8988}.Release|Win32.ActiveCfg = Release|Any CPU
		{D9B1E621-4C9D-4E76-8575-5B2F8FBB8988}.Release|x64.ActiveCfg = Release|Any CPU
		{D9B1E621-4C9D-4E76-8575-5B2F8FBB8988}.Release|x86.ActiveCfg = Release|Any CPU
		{2B68B717-75D4-44CE-B6E8-64249A5F9A70}.ClientDebug|Any CPU.ActiveCfg = Debug|x86
		{2B68B717-75D4-44CE-B6E8-64249A5F9A70}.ClientDebug|Mixed Platforms.ActiveCfg = Debug|x86
		{2B68B717-75D4-44CE-B6E8-64249A5F9A70}.ClientDebug|Mixed Platforms.Build.0 = Debug|x86
		{2B68B717-75D4-44CE-B6E8-64249A5F9A70}.ClientDebug|Win32.ActiveCfg = Debug|x86
		{2B68B717-75D4-44CE-B6E8-64249A5F9A70}.ClientDebug|Win32.Build.0 = Debug|x86
		{2B68B717-75D4-44CE-B6E8-64249A5F9A70}.ClientDebug|x64.ActiveCfg = Debug|x86
		{2B68B717-75D4-44CE-B6E8-64249A5F9A70}.ClientDebug|x86.ActiveCfg = Debug|x86
		{2B68B717-75D4-44CE-B6E8-64249A5F9A70}.ClientDebug|x86.Build.0 = Debug|x86
		{2B68B717-75D4-44CE-B6E8-64249A5F9A70}.Debug|Any CPU.ActiveCfg = Debug|x86
		{2B68B717-75D4-44CE-B6E8-64249A5F9A70}.Debug|Mixed Platforms.ActiveCfg = Debug|x86
		{2B68B717-75D4-44CE-B6E8-64249A5F9A70}.Debug|Mixed Platforms.Build.0 = Debug|x86
		{2B68B717-75D4-44CE-B6E8-64249A5F9A70}.Debug|Win32.ActiveCfg = Debug|x86
		{2B68B717-75D4-44CE-B6E8-64249A5F9A70}.Debug|Win32.Build.0 = Debug|x86
		{2B68B717-75D4-44CE-B6E8-64249A5F9A70}.Debug|x64.ActiveCfg = Debug|x86
		{2B68B717-75D4-44CE-B6E8-64249A5F9A70}.Debug|x86.ActiveCfg = Debug|x86
		{2B68B717-75D4-44CE-B6E8-64249A5F9A70}.Debug|x86.Build.0 = Debug|x86
		{2B68B717-75D4-44CE-B6E8-64249A5F9A70}.Release|Any CPU.ActiveCfg = Release|x86
		{2B68B717-75D4-44CE-B6E8-64249A5F9A70}.Release|Mixed Platforms.ActiveCfg = Release|x86
		{2B68B717-75D4-44CE-B6E8-64249A5F9A70}.Release|Mixed Platforms.Build.0 = Release|x86
		{2B68B717-75D4-44CE-B6E8-64249A5F9A70}.Release|Win32.ActiveCfg = Release|x86
		{2B68B717-75D4-44CE-B6E8-64249A5F9A70}.Release|Win32.Build.0 = Release|x86
		{2B68B717-75D4-44CE-B6E8-64249A5F9A70}.Release|x64.ActiveCfg = Release|x86
		{2B68B717-75D4-44CE-B6E8-64249A5F9A70}.Release|x86.ActiveCfg = Release|x86
		{2B68B717-75D4-44CE-B6E8-64249A5F9A70}.Release|x86.Build.0 = Release|x86
		{71272F38-FC7D-4170-8411-51E27200C791}.ClientDebug|Any CPU.ActiveCfg = Debug|Any CPU
		{71272F38-FC7D-4170-8411-51E27200C791}.ClientDebug|Any CPU.Build.0 = Debug|Any CPU
		{71272F38-FC7D-4170-8411-51E27200C791}.ClientDebug|Mixed Platforms.ActiveCfg = Debug|Any CPU
		{71272F38-FC7D-4170-8411-51E27200C791}.ClientDebug|Mixed Platforms.Build.0 = Debug|Any CPU
		{71272F38-FC7D-4170-8411-51E27200C791}.ClientDebug|Win32.ActiveCfg = Debug|Any CPU
		{71272F38-FC7D-4170-8411-51E27200C791}.ClientDebug|x64.ActiveCfg = Debug|Any CPU
		{71272F38-FC7D-4170-8411-51E27200C791}.ClientDebug|x86.ActiveCfg = Debug|Any CPU
		{71272F38-FC7D-4170-8411-51E27200C791}.Debug|Any CPU.ActiveCfg = Debug|Any CPU
		{71272F38-FC7D-4170-8411-51E27200C791}.Debug|Any CPU.Build.0 = Debug|Any CPU
		{71272F38-FC7D-4170-8411-51E27200C791}.Debug|Mixed Platforms.ActiveCfg = Debug|Any CPU
		{71272F38-FC7D-4170-8411-51E27200C791}.Debug|Mixed Platforms.Build.0 = Debug|Any CPU
		{71272F38-FC7D-4170-8411-51E27200C791}.Debug|Win32.ActiveCfg = Debug|Any CPU
		{71272F38-FC7D-4170-8411-51E27200C791}.Debug|x64.ActiveCfg = Debug|Any CPU
		{71272F38-FC7D-4170-8411-51E27200C791}.Debug|x86.ActiveCfg = Debug|Any CPU
		{71272F38-FC7D-4170-8411-51E27200C791}.Release|Any CPU.ActiveCfg = Release|Any CPU
		{71272F38-FC7D-4170-8411-51E27200C791}.Release|Any CPU.Build.0 = Release|Any CPU
		{71272F38-FC7D-4170-8411-51E27200C791}.Release|Mixed Platforms.ActiveCfg = Release|Any CPU
		{71272F38-FC7D-4170-8411-51E27200C791}.Release|Mixed Platforms.Build.0 = Release|Any CPU
		{71272F38-FC7D-4170-8411-51E27200C791}.Release|Win32.ActiveCfg = Release|Any CPU
		{71272F38-FC7D-4170-8411-51E27200C791}.Release|x64.ActiveCfg = Release|Any CPU
		{71272F38-FC7D-4170-8411-51E27200C791}.Release|x86.ActiveCfg = Release|Any CPU
		{6F879B8B-C4B1-4E8D-9BF2-C6376B05E4EC}.ClientDebug|Any CPU.ActiveCfg = Debug|Any CPU
		{6F879B8B-C4B1-4E8D-9BF2-C6376B05E4EC}.ClientDebug|Any CPU.Build.0 = Debug|Any CPU
		{6F879B8B-C4B1-4E8D-9BF2-C6376B05E4EC}.ClientDebug|Mixed Platforms.ActiveCfg = Debug|Any CPU
		{6F879B8B-C4B1-4E8D-9BF2-C6376B05E4EC}.ClientDebug|Mixed Platforms.Build.0 = Debug|Any CPU
		{6F879B8B-C4B1-4E8D-9BF2-C6376B05E4EC}.ClientDebug|Win32.ActiveCfg = Debug|Any CPU
		{6F879B8B-C4B1-4E8D-9BF2-C6376B05E4EC}.ClientDebug|x64.ActiveCfg = Debug|Any CPU
		{6F879B8B-C4B1-4E8D-9BF2-C6376B05E4EC}.ClientDebug|x86.ActiveCfg = Debug|Any CPU
		{6F879B8B-C4B1-4E8D-9BF2-C6376B05E4EC}.Debug|Any CPU.ActiveCfg = Debug|Any CPU
		{6F879B8B-C4B1-4E8D-9BF2-C6376B05E4EC}.Debug|Any CPU.Build.0 = Debug|Any CPU
		{6F879B8B-C4B1-4E8D-9BF2-C6376B05E4EC}.Debug|Mixed Platforms.ActiveCfg = Debug|Any CPU
		{6F879B8B-C4B1-4E8D-9BF2-C6376B05E4EC}.Debug|Mixed Platforms.Build.0 = Debug|Any CPU
		{6F879B8B-C4B1-4E8D-9BF2-C6376B05E4EC}.Debug|Win32.ActiveCfg = Debug|Any CPU
		{6F879B8B-C4B1-4E8D-9BF2-C6376B05E4EC}.Debug|x64.ActiveCfg = Debug|Any CPU
		{6F879B8B-C4B1-4E8D-9BF2-C6376B05E4EC}.Debug|x86.ActiveCfg = Debug|Any CPU
		{6F879B8B-C4B1-4E8D-9BF2-C6376B05E4EC}.Release|Any CPU.ActiveCfg = Release|Any CPU
		{6F879B8B-C4B1-4E8D-9BF2-C6376B05E4EC}.Release|Any CPU.Build.0 = Release|Any CPU
		{6F879B8B-C4B1-4E8D-9BF2-C6376B05E4EC}.Release|Mixed Platforms.ActiveCfg = Release|Any CPU
		{6F879B8B-C4B1-4E8D-9BF2-C6376B05E4EC}.Release|Mixed Platforms.Build.0 = Release|Any CPU
		{6F879B8B-C4B1-4E8D-9BF2-C6376B05E4EC}.Release|Win32.ActiveCfg = Release|Any CPU
		{6F879B8B-C4B1-4E8D-9BF2-C6376B05E4EC}.Release|x64.ActiveCfg = Release|Any CPU
		{6F879B8B-C4B1-4E8D-9BF2-C6376B05E4EC}.Release|x86.ActiveCfg = Release|Any CPU
		{CC5D5149-0092-4508-AC34-2ABE1468A1C9}.ClientDebug|Any CPU.ActiveCfg = Debug|Any CPU
		{CC5D5149-0092-4508-AC34-2ABE1468A1C9}.ClientDebug|Any CPU.Build.0 = Debug|Any CPU
		{CC5D5149-0092-4508-AC34-2ABE1468A1C9}.ClientDebug|Mixed Platforms.ActiveCfg = Debug|Any CPU
		{CC5D5149-0092-4508-AC34-2ABE1468A1C9}.ClientDebug|Mixed Platforms.Build.0 = Debug|Any CPU
		{CC5D5149-0092-4508-AC34-2ABE1468A1C9}.ClientDebug|Win32.ActiveCfg = Debug|Any CPU
		{CC5D5149-0092-4508-AC34-2ABE1468A1C9}.ClientDebug|x64.ActiveCfg = Debug|Any CPU
		{CC5D5149-0092-4508-AC34-2ABE1468A1C9}.ClientDebug|x86.ActiveCfg = Debug|Any CPU
		{CC5D5149-0092-4508-AC34-2ABE1468A1C9}.Debug|Any CPU.ActiveCfg = Debug|Any CPU
		{CC5D5149-0092-4508-AC34-2ABE1468A1C9}.Debug|Any CPU.Build.0 = Debug|Any CPU
		{CC5D5149-0092-4508-AC34-2ABE1468A1C9}.Debug|Mixed Platforms.ActiveCfg = Debug|Any CPU
		{CC5D5149-0092-4508-AC34-2ABE1468A1C9}.Debug|Mixed Platforms.Build.0 = Debug|Any CPU
		{CC5D5149-0092-4508-AC34-2ABE1468A1C9}.Debug|Win32.ActiveCfg = Debug|Any CPU
		{CC5D5149-0092-4508-AC34-2ABE1468A1C9}.Debug|x64.ActiveCfg = Debug|Any CPU
		{CC5D5149-0092-4508-AC34-2ABE1468A1C9}.Debug|x86.ActiveCfg = Debug|Any CPU
		{CC5D5149-0092-4508-AC34-2ABE1468A1C9}.Release|Any CPU.ActiveCfg = Release|Any CPU
		{CC5D5149-0092-4508-AC34-2ABE1468A1C9}.Release|Any CPU.Build.0 = Release|Any CPU
		{CC5D5149-0092-4508-AC34-2ABE1468A1C9}.Release|Mixed Platforms.ActiveCfg = Release|Any CPU
		{CC5D5149-0092-4508-AC34-2ABE1468A1C9}.Release|Mixed Platforms.Build.0 = Release|Any CPU
		{CC5D5149-0092-4508-AC34-2ABE1468A1C9}.Release|Win32.ActiveCfg = Release|Any CPU
		{CC5D5149-0092-4508-AC34-2ABE1468A1C9}.Release|x64.ActiveCfg = Release|Any CPU
		{CC5D5149-0092-4508-AC34-2ABE1468A1C9}.Release|x86.ActiveCfg = Release|Any CPU
		{FD48314A-9615-4BA6-913A-03787FB2DD30}.ClientDebug|Any CPU.ActiveCfg = Debug|Win32
		{FD48314A-9615-4BA6-913A-03787FB2DD30}.ClientDebug|Mixed Platforms.ActiveCfg = Debug|Win32
		{FD48314A-9615-4BA6-913A-03787FB2DD30}.ClientDebug|Mixed Platforms.Build.0 = Debug|Win32
		{FD48314A-9615-4BA6-913A-03787FB2DD30}.ClientDebug|Win32.ActiveCfg = Debug|Win32
		{FD48314A-9615-4BA6-913A-03787FB2DD30}.ClientDebug|Win32.Build.0 = Debug|Win32
		{FD48314A-9615-4BA6-913A-03787FB2DD30}.ClientDebug|x64.ActiveCfg = Debug|x64
		{FD48314A-9615-4BA6-913A-03787FB2DD30}.ClientDebug|x64.Build.0 = Debug|x64
		{FD48314A-9615-4BA6-913A-03787FB2DD30}.ClientDebug|x86.ActiveCfg = Debug|Win32
		{FD48314A-9615-4BA6-913A-03787FB2DD30}.ClientDebug|x86.Build.0 = Debug|Win32
		{FD48314A-9615-4BA6-913A-03787FB2DD30}.Debug|Any CPU.ActiveCfg = Debug|Win32
		{FD48314A-9615-4BA6-913A-03787FB2DD30}.Debug|Mixed Platforms.ActiveCfg = Debug|Win32
		{FD48314A-9615-4BA6-913A-03787FB2DD30}.Debug|Mixed Platforms.Build.0 = Debug|Win32
		{FD48314A-9615-4BA6-913A-03787FB2DD30}.Debug|Win32.ActiveCfg = Debug|Win32
		{FD48314A-9615-4BA6-913A-03787FB2DD30}.Debug|Win32.Build.0 = Debug|Win32
		{FD48314A-9615-4BA6-913A-03787FB2DD30}.Debug|x64.ActiveCfg = Debug|x64
		{FD48314A-9615-4BA6-913A-03787FB2DD30}.Debug|x64.Build.0 = Debug|x64
		{FD48314A-9615-4BA6-913A-03787FB2DD30}.Debug|x86.ActiveCfg = Debug|Win32
		{FD48314A-9615-4BA6-913A-03787FB2DD30}.Debug|x86.Build.0 = Debug|Win32
		{FD48314A-9615-4BA6-913A-03787FB2DD30}.Release|Any CPU.ActiveCfg = Release|Win32
		{FD48314A-9615-4BA6-913A-03787FB2DD30}.Release|Mixed Platforms.ActiveCfg = Release|Win32
		{FD48314A-9615-4BA6-913A-03787FB2DD30}.Release|Mixed Platforms.Build.0 = Release|Win32
		{FD48314A-9615-4BA6-913A-03787FB2DD30}.Release|Win32.ActiveCfg = Release|Win32
		{FD48314A-9615-4BA6-913A-03787FB2DD30}.Release|Win32.Build.0 = Release|Win32
		{FD48314A-9615-4BA6-913A-03787FB2DD30}.Release|x64.ActiveCfg = Release|x64
		{FD48314A-9615-4BA6-913A-03787FB2DD30}.Release|x64.Build.0 = Release|x64
		{FD48314A-9615-4BA6-913A-03787FB2DD30}.Release|x86.ActiveCfg = Release|Win32
		{FD48314A-9615-4BA6-913A-03787FB2DD30}.Release|x86.Build.0 = Release|Win32
		{10571A55-2270-4A83-9B56-28C186BAC59D}.ClientDebug|Any CPU.ActiveCfg = Debug|Any CPU
		{10571A55-2270-4A83-9B56-28C186BAC59D}.ClientDebug|Any CPU.Build.0 = Debug|Any CPU
		{10571A55-2270-4A83-9B56-28C186BAC59D}.ClientDebug|Mixed Platforms.ActiveCfg = Debug|Any CPU
		{10571A55-2270-4A83-9B56-28C186BAC59D}.ClientDebug|Mixed Platforms.Build.0 = Debug|Any CPU
		{10571A55-2270-4A83-9B56-28C186BAC59D}.ClientDebug|Win32.ActiveCfg = Debug|Any CPU
		{10571A55-2270-4A83-9B56-28C186BAC59D}.ClientDebug|x64.ActiveCfg = Debug|Any CPU
		{10571A55-2270-4A83-9B56-28C186BAC59D}.ClientDebug|x86.ActiveCfg = Debug|Any CPU
		{10571A55-2270-4A83-9B56-28C186BAC59D}.Debug|Any CPU.ActiveCfg = Debug|Any CPU
		{10571A55-2270-4A83-9B56-28C186BAC59D}.Debug|Any CPU.Build.0 = Debug|Any CPU
		{10571A55-2270-4A83-9B56-28C186BAC59D}.Debug|Mixed Platforms.ActiveCfg = Debug|Any CPU
		{10571A55-2270-4A83-9B56-28C186BAC59D}.Debug|Mixed Platforms.Build.0 = Debug|Any CPU
		{10571A55-2270-4A83-9B56-28C186BAC59D}.Debug|Win32.ActiveCfg = Debug|Any CPU
		{10571A55-2270-4A83-9B56-28C186BAC59D}.Debug|x64.ActiveCfg = Debug|Any CPU
		{10571A55-2270-4A83-9B56-28C186BAC59D}.Debug|x86.ActiveCfg = Debug|Any CPU
		{10571A55-2270-4A83-9B56-28C186BAC59D}.Release|Any CPU.ActiveCfg = Release|Any CPU
		{10571A55-2270-4A83-9B56-28C186BAC59D}.Release|Any CPU.Build.0 = Release|Any CPU
		{10571A55-2270-4A83-9B56-28C186BAC59D}.Release|Mixed Platforms.ActiveCfg = Release|Any CPU
		{10571A55-2270-4A83-9B56-28C186BAC59D}.Release|Mixed Platforms.Build.0 = Release|Any CPU
		{10571A55-2270-4A83-9B56-28C186BAC59D}.Release|Win32.ActiveCfg = Release|Any CPU
		{10571A55-2270-4A83-9B56-28C186BAC59D}.Release|x64.ActiveCfg = Release|Any CPU
		{10571A55-2270-4A83-9B56-28C186BAC59D}.Release|x86.ActiveCfg = Release|Any CPU
		{F53D1B3A-6159-4F76-9253-4E486E72D835}.ClientDebug|Any CPU.ActiveCfg = Debug|Any CPU
		{F53D1B3A-6159-4F76-9253-4E486E72D835}.ClientDebug|Any CPU.Build.0 = Debug|Any CPU
		{F53D1B3A-6159-4F76-9253-4E486E72D835}.ClientDebug|Mixed Platforms.ActiveCfg = Debug|Any CPU
		{F53D1B3A-6159-4F76-9253-4E486E72D835}.ClientDebug|Mixed Platforms.Build.0 = Debug|Any CPU
		{F53D1B3A-6159-4F76-9253-4E486E72D835}.ClientDebug|Win32.ActiveCfg = Debug|Any CPU
		{F53D1B3A-6159-4F76-9253-4E486E72D835}.ClientDebug|x64.ActiveCfg = Debug|Any CPU
		{F53D1B3A-6159-4F76-9253-4E486E72D835}.ClientDebug|x86.ActiveCfg = Debug|Any CPU
		{F53D1B3A-6159-4F76-9253-4E486E72D835}.Debug|Any CPU.ActiveCfg = Debug|Any CPU
		{F53D1B3A-6159-4F76-9253-4E486E72D835}.Debug|Any CPU.Build.0 = Debug|Any CPU
		{F53D1B3A-6159-4F76-9253-4E486E72D835}.Debug|Mixed Platforms.ActiveCfg = Debug|Any CPU
		{F53D1B3A-6159-4F76-9253-4E486E72D835}.Debug|Mixed Platforms.Build.0 = Debug|Any CPU
		{F53D1B3A-6159-4F76-9253-4E486E72D835}.Debug|Win32.ActiveCfg = Debug|Any CPU
		{F53D1B3A-6159-4F76-9253-4E486E72D835}.Debug|x64.ActiveCfg = Debug|Any CPU
		{F53D1B3A-6159-4F76-9253-4E486E72D835}.Debug|x86.ActiveCfg = Debug|Any CPU
		{F53D1B3A-6159-4F76-9253-4E486E72D835}.Release|Any CPU.ActiveCfg = Release|Any CPU
		{F53D1B3A-6159-4F76-9253-4E486E72D835}.Release|Any CPU.Build.0 = Release|Any CPU
		{F53D1B3A-6159-4F76-9253-4E486E72D835}.Release|Mixed Platforms.ActiveCfg = Release|Any CPU
		{F53D1B3A-6159-4F76-9253-4E486E72D835}.Release|Mixed Platforms.Build.0 = Release|Any CPU
		{F53D1B3A-6159-4F76-9253-4E486E72D835}.Release|Win32.ActiveCfg = Release|Any CPU
		{F53D1B3A-6159-4F76-9253-4E486E72D835}.Release|x64.ActiveCfg = Release|Any CPU
		{F53D1B3A-6159-4F76-9253-4E486E72D835}.Release|x86.ActiveCfg = Release|Any CPU
		{93CF03B5-8A1A-4E3A-B9DE-2A42BDAC6858}.ClientDebug|Any CPU.ActiveCfg = Debug|Any CPU
		{93CF03B5-8A1A-4E3A-B9DE-2A42BDAC6858}.ClientDebug|Any CPU.Build.0 = Debug|Any CPU
		{93CF03B5-8A1A-4E3A-B9DE-2A42BDAC6858}.ClientDebug|Mixed Platforms.ActiveCfg = Debug|Any CPU
		{93CF03B5-8A1A-4E3A-B9DE-2A42BDAC6858}.ClientDebug|Mixed Platforms.Build.0 = Debug|Any CPU
		{93CF03B5-8A1A-4E3A-B9DE-2A42BDAC6858}.ClientDebug|Win32.ActiveCfg = Debug|Any CPU
		{93CF03B5-8A1A-4E3A-B9DE-2A42BDAC6858}.ClientDebug|x64.ActiveCfg = Debug|Any CPU
		{93CF03B5-8A1A-4E3A-B9DE-2A42BDAC6858}.ClientDebug|x86.ActiveCfg = Debug|Any CPU
		{93CF03B5-8A1A-4E3A-B9DE-2A42BDAC6858}.Debug|Any CPU.ActiveCfg = Debug|Any CPU
		{93CF03B5-8A1A-4E3A-B9DE-2A42BDAC6858}.Debug|Any CPU.Build.0 = Debug|Any CPU
		{93CF03B5-8A1A-4E3A-B9DE-2A42BDAC6858}.Debug|Mixed Platforms.ActiveCfg = Debug|Any CPU
		{93CF03B5-8A1A-4E3A-B9DE-2A42BDAC6858}.Debug|Mixed Platforms.Build.0 = Debug|Any CPU
		{93CF03B5-8A1A-4E3A-B9DE-2A42BDAC6858}.Debug|Win32.ActiveCfg = Debug|Any CPU
		{93CF03B5-8A1A-4E3A-B9DE-2A42BDAC6858}.Debug|x64.ActiveCfg = Debug|Any CPU
		{93CF03B5-8A1A-4E3A-B9DE-2A42BDAC6858}.Debug|x86.ActiveCfg = Debug|Any CPU
		{93CF03B5-8A1A-4E3A-B9DE-2A42BDAC6858}.Release|Any CPU.ActiveCfg = Release|Any CPU
		{93CF03B5-8A1A-4E3A-B9DE-2A42BDAC6858}.Release|Any CPU.Build.0 = Release|Any CPU
		{93CF03B5-8A1A-4E3A-B9DE-2A42BDAC6858}.Release|Mixed Platforms.ActiveCfg = Release|Any CPU
		{93CF03B5-8A1A-4E3A-B9DE-2A42BDAC6858}.Release|Mixed Platforms.Build.0 = Release|Any CPU
		{93CF03B5-8A1A-4E3A-B9DE-2A42BDAC6858}.Release|Win32.ActiveCfg = Release|Any CPU
		{93CF03B5-8A1A-4E3A-B9DE-2A42BDAC6858}.Release|x64.ActiveCfg = Release|Any CPU
		{93CF03B5-8A1A-4E3A-B9DE-2A42BDAC6858}.Release|x86.ActiveCfg = Release|Any CPU
		{9B69CC8C-22E4-4A2A-AB08-C04CE905F143}.ClientDebug|Any CPU.ActiveCfg = Debug|Any CPU
		{9B69CC8C-22E4-4A2A-AB08-C04CE905F143}.ClientDebug|Any CPU.Build.0 = Debug|Any CPU
		{9B69CC8C-22E4-4A2A-AB08-C04CE905F143}.ClientDebug|Mixed Platforms.ActiveCfg = Debug|Any CPU
		{9B69CC8C-22E4-4A2A-AB08-C04CE905F143}.ClientDebug|Mixed Platforms.Build.0 = Debug|Any CPU
		{9B69CC8C-22E4-4A2A-AB08-C04CE905F143}.ClientDebug|Win32.ActiveCfg = Debug|Any CPU
		{9B69CC8C-22E4-4A2A-AB08-C04CE905F143}.ClientDebug|x64.ActiveCfg = Debug|Any CPU
		{9B69CC8C-22E4-4A2A-AB08-C04CE905F143}.ClientDebug|x86.ActiveCfg = Debug|Any CPU
		{9B69CC8C-22E4-4A2A-AB08-C04CE905F143}.Debug|Any CPU.ActiveCfg = Debug|Any CPU
		{9B69CC8C-22E4-4A2A-AB08-C04CE905F143}.Debug|Any CPU.Build.0 = Debug|Any CPU
		{9B69CC8C-22E4-4A2A-AB08-C04CE905F143}.Debug|Mixed Platforms.ActiveCfg = Debug|Any CPU
		{9B69CC8C-22E4-4A2A-AB08-C04CE905F143}.Debug|Mixed Platforms.Build.0 = Debug|Any CPU
		{9B69CC8C-22E4-4A2A-AB08-C04CE905F143}.Debug|Win32.ActiveCfg = Debug|Any CPU
		{9B69CC8C-22E4-4A2A-AB08-C04CE905F143}.Debug|x64.ActiveCfg = Debug|Any CPU
		{9B69CC8C-22E4-4A2A-AB08-C04CE905F143}.Debug|x86.ActiveCfg = Debug|Any CPU
		{9B69CC8C-22E4-4A2A-AB08-C04CE905F143}.Release|Any CPU.ActiveCfg = Release|Any CPU
		{9B69CC8C-22E4-4A2A-AB08-C04CE905F143}.Release|Any CPU.Build.0 = Release|Any CPU
		{9B69CC8C-22E4-4A2A-AB08-C04CE905F143}.Release|Mixed Platforms.ActiveCfg = Release|Any CPU
		{9B69CC8C-22E4-4A2A-AB08-C04CE905F143}.Release|Mixed Platforms.Build.0 = Release|Any CPU
		{9B69CC8C-22E4-4A2A-AB08-C04CE905F143}.Release|Win32.ActiveCfg = Release|Any CPU
		{9B69CC8C-22E4-4A2A-AB08-C04CE905F143}.Release|x64.ActiveCfg = Release|Any CPU
		{9B69CC8C-22E4-4A2A-AB08-C04CE905F143}.Release|x86.ActiveCfg = Release|Any CPU
		{BF532D34-833C-4FB3-88CA-07E58510F130}.ClientDebug|Any CPU.ActiveCfg = Debug|Any CPU
		{BF532D34-833C-4FB3-88CA-07E58510F130}.ClientDebug|Any CPU.Build.0 = Debug|Any CPU
		{BF532D34-833C-4FB3-88CA-07E58510F130}.ClientDebug|Mixed Platforms.ActiveCfg = Debug|Any CPU
		{BF532D34-833C-4FB3-88CA-07E58510F130}.ClientDebug|Mixed Platforms.Build.0 = Debug|Any CPU
		{BF532D34-833C-4FB3-88CA-07E58510F130}.ClientDebug|Win32.ActiveCfg = Debug|Any CPU
		{BF532D34-833C-4FB3-88CA-07E58510F130}.ClientDebug|x64.ActiveCfg = Debug|Any CPU
		{BF532D34-833C-4FB3-88CA-07E58510F130}.ClientDebug|x86.ActiveCfg = Debug|Any CPU
		{BF532D34-833C-4FB3-88CA-07E58510F130}.Debug|Any CPU.ActiveCfg = Debug|Any CPU
		{BF532D34-833C-4FB3-88CA-07E58510F130}.Debug|Any CPU.Build.0 = Debug|Any CPU
		{BF532D34-833C-4FB3-88CA-07E58510F130}.Debug|Mixed Platforms.ActiveCfg = Debug|Any CPU
		{BF532D34-833C-4FB3-88CA-07E58510F130}.Debug|Mixed Platforms.Build.0 = Debug|Any CPU
		{BF532D34-833C-4FB3-88CA-07E58510F130}.Debug|Win32.ActiveCfg = Debug|Any CPU
		{BF532D34-833C-4FB3-88CA-07E58510F130}.Debug|x64.ActiveCfg = Debug|Any CPU
		{BF532D34-833C-4FB3-88CA-07E58510F130}.Debug|x86.ActiveCfg = Debug|Any CPU
		{BF532D34-833C-4FB3-88CA-07E58510F130}.Release|Any CPU.ActiveCfg = Release|Any CPU
		{BF532D34-833C-4FB3-88CA-07E58510F130}.Release|Any CPU.Build.0 = Release|Any CPU
		{BF532D34-833C-4FB3-88CA-07E58510F130}.Release|Mixed Platforms.ActiveCfg = Release|Any CPU
		{BF532D34-833C-4FB3-88CA-07E58510F130}.Release|Mixed Platforms.Build.0 = Release|Any CPU
		{BF532D34-833C-4FB3-88CA-07E58510F130}.Release|Win32.ActiveCfg = Release|Any CPU
		{BF532D34-833C-4FB3-88CA-07E58510F130}.Release|x64.ActiveCfg = Release|Any CPU
		{BF532D34-833C-4FB3-88CA-07E58510F130}.Release|x86.ActiveCfg = Release|Any CPU
		{7C1E0409-69EF-407F-B063-29057BE04992}.ClientDebug|Any CPU.ActiveCfg = Debug|Any CPU
		{7C1E0409-69EF-407F-B063-29057BE04992}.ClientDebug|Any CPU.Build.0 = Debug|Any CPU
		{7C1E0409-69EF-407F-B063-29057BE04992}.ClientDebug|Mixed Platforms.ActiveCfg = Debug|Any CPU
		{7C1E0409-69EF-407F-B063-29057BE04992}.ClientDebug|Mixed Platforms.Build.0 = Debug|Any CPU
		{7C1E0409-69EF-407F-B063-29057BE04992}.ClientDebug|Win32.ActiveCfg = Debug|Any CPU
		{7C1E0409-69EF-407F-B063-29057BE04992}.ClientDebug|x64.ActiveCfg = Debug|Any CPU
		{7C1E0409-69EF-407F-B063-29057BE04992}.ClientDebug|x86.ActiveCfg = Debug|Any CPU
		{7C1E0409-69EF-407F-B063-29057BE04992}.Debug|Any CPU.ActiveCfg = Debug|Any CPU
		{7C1E0409-69EF-407F-B063-29057BE04992}.Debug|Any CPU.Build.0 = Debug|Any CPU
		{7C1E0409-69EF-407F-B063-29057BE04992}.Debug|Mixed Platforms.ActiveCfg = Debug|Any CPU
		{7C1E0409-69EF-407F-B063-29057BE04992}.Debug|Mixed Platforms.Build.0 = Debug|Any CPU
		{7C1E0409-69EF-407F-B063-29057BE04992}.Debug|Win32.ActiveCfg = Debug|Any CPU
		{7C1E0409-69EF-407F-B063-29057BE04992}.Debug|x64.ActiveCfg = Debug|Any CPU
		{7C1E0409-69EF-407F-B063-29057BE04992}.Debug|x86.ActiveCfg = Debug|Any CPU
		{7C1E0409-69EF-407F-B063-29057BE04992}.Release|Any CPU.ActiveCfg = Release|Any CPU
		{7C1E0409-69EF-407F-B063-29057BE04992}.Release|Any CPU.Build.0 = Release|Any CPU
		{7C1E0409-69EF-407F-B063-29057BE04992}.Release|Mixed Platforms.ActiveCfg = Release|Any CPU
		{7C1E0409-69EF-407F-B063-29057BE04992}.Release|Mixed Platforms.Build.0 = Release|Any CPU
		{7C1E0409-69EF-407F-B063-29057BE04992}.Release|Win32.ActiveCfg = Release|Any CPU
		{7C1E0409-69EF-407F-B063-29057BE04992}.Release|x64.ActiveCfg = Release|Any CPU
		{7C1E0409-69EF-407F-B063-29057BE04992}.Release|x86.ActiveCfg = Release|Any CPU
		{239CA191-4A9B-4C7D-BC61-D1B82CD678D5}.ClientDebug|Any CPU.ActiveCfg = Debug|Win32
		{239CA191-4A9B-4C7D-BC61-D1B82CD678D5}.ClientDebug|Mixed Platforms.ActiveCfg = Debug|Win32
		{239CA191-4A9B-4C7D-BC61-D1B82CD678D5}.ClientDebug|Mixed Platforms.Build.0 = Debug|Win32
		{239CA191-4A9B-4C7D-BC61-D1B82CD678D5}.ClientDebug|Win32.ActiveCfg = Debug|Win32
		{239CA191-4A9B-4C7D-BC61-D1B82CD678D5}.ClientDebug|Win32.Build.0 = Debug|Win32
		{239CA191-4A9B-4C7D-BC61-D1B82CD678D5}.ClientDebug|x64.ActiveCfg = Debug|Win32
		{239CA191-4A9B-4C7D-BC61-D1B82CD678D5}.ClientDebug|x86.ActiveCfg = Debug|Win32
		{239CA191-4A9B-4C7D-BC61-D1B82CD678D5}.ClientDebug|x86.Build.0 = Debug|Win32
		{239CA191-4A9B-4C7D-BC61-D1B82CD678D5}.Debug|Any CPU.ActiveCfg = Debug|Win32
		{239CA191-4A9B-4C7D-BC61-D1B82CD678D5}.Debug|Mixed Platforms.ActiveCfg = Debug|Win32
		{239CA191-4A9B-4C7D-BC61-D1B82CD678D5}.Debug|Mixed Platforms.Build.0 = Debug|Win32
		{239CA191-4A9B-4C7D-BC61-D1B82CD678D5}.Debug|Win32.ActiveCfg = Debug|Win32
		{239CA191-4A9B-4C7D-BC61-D1B82CD678D5}.Debug|Win32.Build.0 = Debug|Win32
		{239CA191-4A9B-4C7D-BC61-D1B82CD678D5}.Debug|x64.ActiveCfg = Debug|Win32
		{239CA191-4A9B-4C7D-BC61-D1B82CD678D5}.Debug|x86.ActiveCfg = Debug|Win32
		{239CA191-4A9B-4C7D-BC61-D1B82CD678D5}.Debug|x86.Build.0 = Debug|Win32
		{239CA191-4A9B-4C7D-BC61-D1B82CD678D5}.Release|Any CPU.ActiveCfg = Release|Win32
		{239CA191-4A9B-4C7D-BC61-D1B82CD678D5}.Release|Mixed Platforms.ActiveCfg = Release|Win32
		{239CA191-4A9B-4C7D-BC61-D1B82CD678D5}.Release|Mixed Platforms.Build.0 = Release|Win32
		{239CA191-4A9B-4C7D-BC61-D1B82CD678D5}.Release|Win32.ActiveCfg = Release|Win32
		{239CA191-4A9B-4C7D-BC61-D1B82CD678D5}.Release|Win32.Build.0 = Release|Win32
		{239CA191-4A9B-4C7D-BC61-D1B82CD678D5}.Release|x64.ActiveCfg = Release|Win32
		{239CA191-4A9B-4C7D-BC61-D1B82CD678D5}.Release|x86.ActiveCfg = Release|Win32
		{239CA191-4A9B-4C7D-BC61-D1B82CD678D5}.Release|x86.Build.0 = Release|Win32
		{D3394DA2-560D-4A25-9486-A68503B9E360}.ClientDebug|Any CPU.ActiveCfg = Debug|Any CPU
		{D3394DA2-560D-4A25-9486-A68503B9E360}.ClientDebug|Any CPU.Build.0 = Debug|Any CPU
		{D3394DA2-560D-4A25-9486-A68503B9E360}.ClientDebug|Mixed Platforms.ActiveCfg = Debug|Any CPU
		{D3394DA2-560D-4A25-9486-A68503B9E360}.ClientDebug|Mixed Platforms.Build.0 = Debug|Any CPU
		{D3394DA2-560D-4A25-9486-A68503B9E360}.ClientDebug|Win32.ActiveCfg = Debug|Any CPU
		{D3394DA2-560D-4A25-9486-A68503B9E360}.ClientDebug|x64.ActiveCfg = Debug|Any CPU
		{D3394DA2-560D-4A25-9486-A68503B9E360}.ClientDebug|x86.ActiveCfg = Debug|Any CPU
		{D3394DA2-560D-4A25-9486-A68503B9E360}.Debug|Any CPU.ActiveCfg = Debug|Any CPU
		{D3394DA2-560D-4A25-9486-A68503B9E360}.Debug|Any CPU.Build.0 = Debug|Any CPU
		{D3394DA2-560D-4A25-9486-A68503B9E360}.Debug|Mixed Platforms.ActiveCfg = Debug|Any CPU
		{D3394DA2-560D-4A25-9486-A68503B9E360}.Debug|Mixed Platforms.Build.0 = Debug|Any CPU
		{D3394DA2-560D-4A25-9486-A68503B9E360}.Debug|Win32.ActiveCfg = Debug|Any CPU
		{D3394DA2-560D-4A25-9486-A68503B9E360}.Debug|x64.ActiveCfg = Debug|Any CPU
		{D3394DA2-560D-4A25-9486-A68503B9E360}.Debug|x86.ActiveCfg = Debug|Any CPU
		{D3394DA2-560D-4A25-9486-A68503B9E360}.Release|Any CPU.ActiveCfg = Release|Any CPU
		{D3394DA2-560D-4A25-9486-A68503B9E360}.Release|Any CPU.Build.0 = Release|Any CPU
		{D3394DA2-560D-4A25-9486-A68503B9E360}.Release|Mixed Platforms.ActiveCfg = Release|Any CPU
		{D3394DA2-560D-4A25-9486-A68503B9E360}.Release|Mixed Platforms.Build.0 = Release|Any CPU
		{D3394DA2-560D-4A25-9486-A68503B9E360}.Release|Win32.ActiveCfg = Release|Any CPU
		{D3394DA2-560D-4A25-9486-A68503B9E360}.Release|x64.ActiveCfg = Release|Any CPU
		{D3394DA2-560D-4A25-9486-A68503B9E360}.Release|x86.ActiveCfg = Release|Any CPU
		{C72DC6E2-E4DB-4259-94CF-71BF0A4A71A5}.ClientDebug|Any CPU.ActiveCfg = Debug|Any CPU
		{C72DC6E2-E4DB-4259-94CF-71BF0A4A71A5}.ClientDebug|Any CPU.Build.0 = Debug|Any CPU
		{C72DC6E2-E4DB-4259-94CF-71BF0A4A71A5}.ClientDebug|Mixed Platforms.ActiveCfg = Debug|Any CPU
		{C72DC6E2-E4DB-4259-94CF-71BF0A4A71A5}.ClientDebug|Mixed Platforms.Build.0 = Debug|Any CPU
		{C72DC6E2-E4DB-4259-94CF-71BF0A4A71A5}.ClientDebug|Win32.ActiveCfg = Debug|Any CPU
		{C72DC6E2-E4DB-4259-94CF-71BF0A4A71A5}.ClientDebug|x64.ActiveCfg = Debug|Any CPU
		{C72DC6E2-E4DB-4259-94CF-71BF0A4A71A5}.ClientDebug|x86.ActiveCfg = Debug|Any CPU
		{C72DC6E2-E4DB-4259-94CF-71BF0A4A71A5}.Debug|Any CPU.ActiveCfg = Debug|Any CPU
		{C72DC6E2-E4DB-4259-94CF-71BF0A4A71A5}.Debug|Any CPU.Build.0 = Debug|Any CPU
		{C72DC6E2-E4DB-4259-94CF-71BF0A4A71A5}.Debug|Mixed Platforms.ActiveCfg = Debug|Any CPU
		{C72DC6E2-E4DB-4259-94CF-71BF0A4A71A5}.Debug|Mixed Platforms.Build.0 = Debug|Any CPU
		{C72DC6E2-E4DB-4259-94CF-71BF0A4A71A5}.Debug|Win32.ActiveCfg = Debug|Any CPU
		{C72DC6E2-E4DB-4259-94CF-71BF0A4A71A5}.Debug|x64.ActiveCfg = Debug|Any CPU
		{C72DC6E2-E4DB-4259-94CF-71BF0A4A71A5}.Debug|x86.ActiveCfg = Debug|Any CPU
		{C72DC6E2-E4DB-4259-94CF-71BF0A4A71A5}.Release|Any CPU.ActiveCfg = Release|Any CPU
		{C72DC6E2-E4DB-4259-94CF-71BF0A4A71A5}.Release|Any CPU.Build.0 = Release|Any CPU
		{C72DC6E2-E4DB-4259-94CF-71BF0A4A71A5}.Release|Mixed Platforms.ActiveCfg = Release|Any CPU
		{C72DC6E2-E4DB-4259-94CF-71BF0A4A71A5}.Release|Mixed Platforms.Build.0 = Release|Any CPU
		{C72DC6E2-E4DB-4259-94CF-71BF0A4A71A5}.Release|Win32.ActiveCfg = Release|Any CPU
		{C72DC6E2-E4DB-4259-94CF-71BF0A4A71A5}.Release|x64.ActiveCfg = Release|Any CPU
		{C72DC6E2-E4DB-4259-94CF-71BF0A4A71A5}.Release|x86.ActiveCfg = Release|Any CPU
		{540D10B0-39FE-47E7-86AB-AFF845791DAF}.ClientDebug|Any CPU.ActiveCfg = Debug|Any CPU
		{540D10B0-39FE-47E7-86AB-AFF845791DAF}.ClientDebug|Any CPU.Build.0 = Debug|Any CPU
		{540D10B0-39FE-47E7-86AB-AFF845791DAF}.ClientDebug|Mixed Platforms.ActiveCfg = Debug|Any CPU
		{540D10B0-39FE-47E7-86AB-AFF845791DAF}.ClientDebug|Mixed Platforms.Build.0 = Debug|Any CPU
		{540D10B0-39FE-47E7-86AB-AFF845791DAF}.ClientDebug|Win32.ActiveCfg = Debug|Any CPU
		{540D10B0-39FE-47E7-86AB-AFF845791DAF}.ClientDebug|x64.ActiveCfg = Debug|Any CPU
		{540D10B0-39FE-47E7-86AB-AFF845791DAF}.ClientDebug|x86.ActiveCfg = Debug|Any CPU
		{540D10B0-39FE-47E7-86AB-AFF845791DAF}.Debug|Any CPU.ActiveCfg = Debug|Any CPU
		{540D10B0-39FE-47E7-86AB-AFF845791DAF}.Debug|Any CPU.Build.0 = Debug|Any CPU
		{540D10B0-39FE-47E7-86AB-AFF845791DAF}.Debug|Mixed Platforms.ActiveCfg = Debug|Any CPU
		{540D10B0-39FE-47E7-86AB-AFF845791DAF}.Debug|Mixed Platforms.Build.0 = Debug|Any CPU
		{540D10B0-39FE-47E7-86AB-AFF845791DAF}.Debug|Win32.ActiveCfg = Debug|Any CPU
		{540D10B0-39FE-47E7-86AB-AFF845791DAF}.Debug|x64.ActiveCfg = Debug|Any CPU
		{540D10B0-39FE-47E7-86AB-AFF845791DAF}.Debug|x86.ActiveCfg = Debug|Any CPU
		{540D10B0-39FE-47E7-86AB-AFF845791DAF}.Release|Any CPU.ActiveCfg = Release|Any CPU
		{540D10B0-39FE-47E7-86AB-AFF845791DAF}.Release|Any CPU.Build.0 = Release|Any CPU
		{540D10B0-39FE-47E7-86AB-AFF845791DAF}.Release|Mixed Platforms.ActiveCfg = Release|Any CPU
		{540D10B0-39FE-47E7-86AB-AFF845791DAF}.Release|Mixed Platforms.Build.0 = Release|Any CPU
		{540D10B0-39FE-47E7-86AB-AFF845791DAF}.Release|Win32.ActiveCfg = Release|Any CPU
		{540D10B0-39FE-47E7-86AB-AFF845791DAF}.Release|x64.ActiveCfg = Release|Any CPU
		{540D10B0-39FE-47E7-86AB-AFF845791DAF}.Release|x86.ActiveCfg = Release|Any CPU
		{0D706F05-DC94-45E0-A04C-1E7B1078B2D0}.ClientDebug|Any CPU.ActiveCfg = Debug|Any CPU
		{0D706F05-DC94-45E0-A04C-1E7B1078B2D0}.ClientDebug|Any CPU.Build.0 = Debug|Any CPU
		{0D706F05-DC94-45E0-A04C-1E7B1078B2D0}.ClientDebug|Mixed Platforms.ActiveCfg = Debug|Any CPU
		{0D706F05-DC94-45E0-A04C-1E7B1078B2D0}.ClientDebug|Mixed Platforms.Build.0 = Debug|Any CPU
		{0D706F05-DC94-45E0-A04C-1E7B1078B2D0}.ClientDebug|Win32.ActiveCfg = Debug|Any CPU
		{0D706F05-DC94-45E0-A04C-1E7B1078B2D0}.ClientDebug|x64.ActiveCfg = Debug|Any CPU
		{0D706F05-DC94-45E0-A04C-1E7B1078B2D0}.ClientDebug|x86.ActiveCfg = Debug|Any CPU
		{0D706F05-DC94-45E0-A04C-1E7B1078B2D0}.Debug|Any CPU.ActiveCfg = Debug|Any CPU
		{0D706F05-DC94-45E0-A04C-1E7B1078B2D0}.Debug|Any CPU.Build.0 = Debug|Any CPU
		{0D706F05-DC94-45E0-A04C-1E7B1078B2D0}.Debug|Mixed Platforms.ActiveCfg = Debug|Any CPU
		{0D706F05-DC94-45E0-A04C-1E7B1078B2D0}.Debug|Mixed Platforms.Build.0 = Debug|Any CPU
		{0D706F05-DC94-45E0-A04C-1E7B1078B2D0}.Debug|Win32.ActiveCfg = Debug|Any CPU
		{0D706F05-DC94-45E0-A04C-1E7B1078B2D0}.Debug|x64.ActiveCfg = Debug|Any CPU
		{0D706F05-DC94-45E0-A04C-1E7B1078B2D0}.Debug|x86.ActiveCfg = Debug|Any CPU
		{0D706F05-DC94-45E0-A04C-1E7B1078B2D0}.Release|Any CPU.ActiveCfg = Release|Any CPU
		{0D706F05-DC94-45E0-A04C-1E7B1078B2D0}.Release|Any CPU.Build.0 = Release|Any CPU
		{0D706F05-DC94-45E0-A04C-1E7B1078B2D0}.Release|Mixed Platforms.ActiveCfg = Release|Any CPU
		{0D706F05-DC94-45E0-A04C-1E7B1078B2D0}.Release|Mixed Platforms.Build.0 = Release|Any CPU
		{0D706F05-DC94-45E0-A04C-1E7B1078B2D0}.Release|Win32.ActiveCfg = Release|Any CPU
		{0D706F05-DC94-45E0-A04C-1E7B1078B2D0}.Release|x64.ActiveCfg = Release|Any CPU
		{0D706F05-DC94-45E0-A04C-1E7B1078B2D0}.Release|x86.ActiveCfg = Release|Any CPU
		{E5F76BD9-FD74-4417-96E3-40976F4D73EE}.ClientDebug|Any CPU.ActiveCfg = Debug|Any CPU
		{E5F76BD9-FD74-4417-96E3-40976F4D73EE}.ClientDebug|Any CPU.Build.0 = Debug|Any CPU
		{E5F76BD9-FD74-4417-96E3-40976F4D73EE}.ClientDebug|Mixed Platforms.ActiveCfg = Debug|Any CPU
		{E5F76BD9-FD74-4417-96E3-40976F4D73EE}.ClientDebug|Mixed Platforms.Build.0 = Debug|Any CPU
		{E5F76BD9-FD74-4417-96E3-40976F4D73EE}.ClientDebug|Win32.ActiveCfg = Debug|Any CPU
		{E5F76BD9-FD74-4417-96E3-40976F4D73EE}.ClientDebug|x64.ActiveCfg = Debug|Any CPU
		{E5F76BD9-FD74-4417-96E3-40976F4D73EE}.ClientDebug|x86.ActiveCfg = Debug|Any CPU
		{E5F76BD9-FD74-4417-96E3-40976F4D73EE}.Debug|Any CPU.ActiveCfg = Debug|Any CPU
		{E5F76BD9-FD74-4417-96E3-40976F4D73EE}.Debug|Any CPU.Build.0 = Debug|Any CPU
		{E5F76BD9-FD74-4417-96E3-40976F4D73EE}.Debug|Mixed Platforms.ActiveCfg = Debug|Any CPU
		{E5F76BD9-FD74-4417-96E3-40976F4D73EE}.Debug|Mixed Platforms.Build.0 = Debug|Any CPU
		{E5F76BD9-FD74-4417-96E3-40976F4D73EE}.Debug|Win32.ActiveCfg = Debug|Any CPU
		{E5F76BD9-FD74-4417-96E3-40976F4D73EE}.Debug|x64.ActiveCfg = Debug|Any CPU
		{E5F76BD9-FD74-4417-96E3-40976F4D73EE}.Debug|x86.ActiveCfg = Debug|Any CPU
		{E5F76BD9-FD74-4417-96E3-40976F4D73EE}.Release|Any CPU.ActiveCfg = Release|Any CPU
		{E5F76BD9-FD74-4417-96E3-40976F4D73EE}.Release|Any CPU.Build.0 = Release|Any CPU
		{E5F76BD9-FD74-4417-96E3-40976F4D73EE}.Release|Mixed Platforms.ActiveCfg = Release|Any CPU
		{E5F76BD9-FD74-4417-96E3-40976F4D73EE}.Release|Mixed Platforms.Build.0 = Release|Any CPU
		{E5F76BD9-FD74-4417-96E3-40976F4D73EE}.Release|Win32.ActiveCfg = Release|Any CPU
		{E5F76BD9-FD74-4417-96E3-40976F4D73EE}.Release|x64.ActiveCfg = Release|Any CPU
		{E5F76BD9-FD74-4417-96E3-40976F4D73EE}.Release|x86.ActiveCfg = Release|Any CPU
		{9EF15B65-A6F6-4272-9053-2B02E649D23A}.ClientDebug|Any CPU.ActiveCfg = Debug|Any CPU
		{9EF15B65-A6F6-4272-9053-2B02E649D23A}.ClientDebug|Any CPU.Build.0 = Debug|Any CPU
		{9EF15B65-A6F6-4272-9053-2B02E649D23A}.ClientDebug|Mixed Platforms.ActiveCfg = Debug|Any CPU
		{9EF15B65-A6F6-4272-9053-2B02E649D23A}.ClientDebug|Mixed Platforms.Build.0 = Debug|Any CPU
		{9EF15B65-A6F6-4272-9053-2B02E649D23A}.ClientDebug|Win32.ActiveCfg = Debug|Any CPU
		{9EF15B65-A6F6-4272-9053-2B02E649D23A}.ClientDebug|x64.ActiveCfg = Debug|Any CPU
		{9EF15B65-A6F6-4272-9053-2B02E649D23A}.ClientDebug|x86.ActiveCfg = Debug|Any CPU
		{9EF15B65-A6F6-4272-9053-2B02E649D23A}.Debug|Any CPU.ActiveCfg = Debug|Any CPU
		{9EF15B65-A6F6-4272-9053-2B02E649D23A}.Debug|Any CPU.Build.0 = Debug|Any CPU
		{9EF15B65-A6F6-4272-9053-2B02E649D23A}.Debug|Mixed Platforms.ActiveCfg = Debug|Any CPU
		{9EF15B65-A6F6-4272-9053-2B02E649D23A}.Debug|Mixed Platforms.Build.0 = Debug|Any CPU
		{9EF15B65-A6F6-4272-9053-2B02E649D23A}.Debug|Win32.ActiveCfg = Debug|Any CPU
		{9EF15B65-A6F6-4272-9053-2B02E649D23A}.Debug|x64.ActiveCfg = Debug|Any CPU
		{9EF15B65-A6F6-4272-9053-2B02E649D23A}.Debug|x86.ActiveCfg = Debug|Any CPU
		{9EF15B65-A6F6-4272-9053-2B02E649D23A}.Release|Any CPU.ActiveCfg = Release|Any CPU
		{9EF15B65-A6F6-4272-9053-2B02E649D23A}.Release|Any CPU.Build.0 = Release|Any CPU
		{9EF15B65-A6F6-4272-9053-2B02E649D23A}.Release|Mixed Platforms.ActiveCfg = Release|Any CPU
		{9EF15B65-A6F6-4272-9053-2B02E649D23A}.Release|Mixed Platforms.Build.0 = Release|Any CPU
		{9EF15B65-A6F6-4272-9053-2B02E649D23A}.Release|Win32.ActiveCfg = Release|Any CPU
		{9EF15B65-A6F6-4272-9053-2B02E649D23A}.Release|x64.ActiveCfg = Release|Any CPU
		{9EF15B65-A6F6-4272-9053-2B02E649D23A}.Release|x86.ActiveCfg = Release|Any CPU
		{FD4B583E-3F0E-45BF-A0BB-F297E598EE16}.ClientDebug|Any CPU.ActiveCfg = Debug|Any CPU
		{FD4B583E-3F0E-45BF-A0BB-F297E598EE16}.ClientDebug|Any CPU.Build.0 = Debug|Any CPU
		{FD4B583E-3F0E-45BF-A0BB-F297E598EE16}.ClientDebug|Mixed Platforms.ActiveCfg = Debug|Any CPU
		{FD4B583E-3F0E-45BF-A0BB-F297E598EE16}.ClientDebug|Mixed Platforms.Build.0 = Debug|Any CPU
		{FD4B583E-3F0E-45BF-A0BB-F297E598EE16}.ClientDebug|Win32.ActiveCfg = Debug|Any CPU
		{FD4B583E-3F0E-45BF-A0BB-F297E598EE16}.ClientDebug|x64.ActiveCfg = Debug|Any CPU
		{FD4B583E-3F0E-45BF-A0BB-F297E598EE16}.ClientDebug|x86.ActiveCfg = Debug|Any CPU
		{FD4B583E-3F0E-45BF-A0BB-F297E598EE16}.Debug|Any CPU.ActiveCfg = Debug|Any CPU
		{FD4B583E-3F0E-45BF-A0BB-F297E598EE16}.Debug|Any CPU.Build.0 = Debug|Any CPU
		{FD4B583E-3F0E-45BF-A0BB-F297E598EE16}.Debug|Mixed Platforms.ActiveCfg = Debug|Any CPU
		{FD4B583E-3F0E-45BF-A0BB-F297E598EE16}.Debug|Mixed Platforms.Build.0 = Debug|Any CPU
		{FD4B583E-3F0E-45BF-A0BB-F297E598EE16}.Debug|Win32.ActiveCfg = Debug|Any CPU
		{FD4B583E-3F0E-45BF-A0BB-F297E598EE16}.Debug|x64.ActiveCfg = Debug|Any CPU
		{FD4B583E-3F0E-45BF-A0BB-F297E598EE16}.Debug|x86.ActiveCfg = Debug|Any CPU
		{FD4B583E-3F0E-45BF-A0BB-F297E598EE16}.Release|Any CPU.ActiveCfg = Release|Any CPU
		{FD4B583E-3F0E-45BF-A0BB-F297E598EE16}.Release|Any CPU.Build.0 = Release|Any CPU
		{FD4B583E-3F0E-45BF-A0BB-F297E598EE16}.Release|Mixed Platforms.ActiveCfg = Release|Any CPU
		{FD4B583E-3F0E-45BF-A0BB-F297E598EE16}.Release|Mixed Platforms.Build.0 = Release|Any CPU
		{FD4B583E-3F0E-45BF-A0BB-F297E598EE16}.Release|Win32.ActiveCfg = Release|Any CPU
		{FD4B583E-3F0E-45BF-A0BB-F297E598EE16}.Release|x64.ActiveCfg = Release|Any CPU
		{FD4B583E-3F0E-45BF-A0BB-F297E598EE16}.Release|x86.ActiveCfg = Release|Any CPU
		{53AA0927-CF03-4E55-9EB6-09F4DDACF71F}.ClientDebug|Any CPU.ActiveCfg = Debug|Any CPU
		{53AA0927-CF03-4E55-9EB6-09F4DDACF71F}.ClientDebug|Any CPU.Build.0 = Debug|Any CPU
		{53AA0927-CF03-4E55-9EB6-09F4DDACF71F}.ClientDebug|Mixed Platforms.ActiveCfg = Debug|Any CPU
		{53AA0927-CF03-4E55-9EB6-09F4DDACF71F}.ClientDebug|Mixed Platforms.Build.0 = Debug|Any CPU
		{53AA0927-CF03-4E55-9EB6-09F4DDACF71F}.ClientDebug|Win32.ActiveCfg = Debug|Any CPU
		{53AA0927-CF03-4E55-9EB6-09F4DDACF71F}.ClientDebug|x64.ActiveCfg = Debug|Any CPU
		{53AA0927-CF03-4E55-9EB6-09F4DDACF71F}.ClientDebug|x86.ActiveCfg = Debug|Any CPU
		{53AA0927-CF03-4E55-9EB6-09F4DDACF71F}.Debug|Any CPU.ActiveCfg = Debug|Any CPU
		{53AA0927-CF03-4E55-9EB6-09F4DDACF71F}.Debug|Any CPU.Build.0 = Debug|Any CPU
		{53AA0927-CF03-4E55-9EB6-09F4DDACF71F}.Debug|Mixed Platforms.ActiveCfg = Debug|Any CPU
		{53AA0927-CF03-4E55-9EB6-09F4DDACF71F}.Debug|Mixed Platforms.Build.0 = Debug|Any CPU
		{53AA0927-CF03-4E55-9EB6-09F4DDACF71F}.Debug|Win32.ActiveCfg = Debug|Any CPU
		{53AA0927-CF03-4E55-9EB6-09F4DDACF71F}.Debug|x64.ActiveCfg = Debug|Any CPU
		{53AA0927-CF03-4E55-9EB6-09F4DDACF71F}.Debug|x86.ActiveCfg = Debug|Any CPU
		{53AA0927-CF03-4E55-9EB6-09F4DDACF71F}.Release|Any CPU.ActiveCfg = Release|Any CPU
		{53AA0927-CF03-4E55-9EB6-09F4DDACF71F}.Release|Any CPU.Build.0 = Release|Any CPU
		{53AA0927-CF03-4E55-9EB6-09F4DDACF71F}.Release|Mixed Platforms.ActiveCfg = Release|Any CPU
		{53AA0927-CF03-4E55-9EB6-09F4DDACF71F}.Release|Mixed Platforms.Build.0 = Release|Any CPU
		{53AA0927-CF03-4E55-9EB6-09F4DDACF71F}.Release|Win32.ActiveCfg = Release|Any CPU
		{53AA0927-CF03-4E55-9EB6-09F4DDACF71F}.Release|x64.ActiveCfg = Release|Any CPU
		{53AA0927-CF03-4E55-9EB6-09F4DDACF71F}.Release|x86.ActiveCfg = Release|Any CPU
		{638A4AC7-9ACE-4061-97E0-1641AC4426FE}.ClientDebug|Any CPU.ActiveCfg = Debug|Any CPU
		{638A4AC7-9ACE-4061-97E0-1641AC4426FE}.ClientDebug|Any CPU.Build.0 = Debug|Any CPU
		{638A4AC7-9ACE-4061-97E0-1641AC4426FE}.ClientDebug|Mixed Platforms.ActiveCfg = Debug|Any CPU
		{638A4AC7-9ACE-4061-97E0-1641AC4426FE}.ClientDebug|Mixed Platforms.Build.0 = Debug|Any CPU
		{638A4AC7-9ACE-4061-97E0-1641AC4426FE}.ClientDebug|Win32.ActiveCfg = Debug|Any CPU
		{638A4AC7-9ACE-4061-97E0-1641AC4426FE}.ClientDebug|x64.ActiveCfg = Debug|Any CPU
		{638A4AC7-9ACE-4061-97E0-1641AC4426FE}.ClientDebug|x86.ActiveCfg = Debug|Any CPU
		{638A4AC7-9ACE-4061-97E0-1641AC4426FE}.Debug|Any CPU.ActiveCfg = Debug|Any CPU
		{638A4AC7-9ACE-4061-97E0-1641AC4426FE}.Debug|Any CPU.Build.0 = Debug|Any CPU
		{638A4AC7-9ACE-4061-97E0-1641AC4426FE}.Debug|Mixed Platforms.ActiveCfg = Debug|Any CPU
		{638A4AC7-9ACE-4061-97E0-1641AC4426FE}.Debug|Mixed Platforms.Build.0 = Debug|Any CPU
		{638A4AC7-9ACE-4061-97E0-1641AC4426FE}.Debug|Win32.ActiveCfg = Debug|Any CPU
		{638A4AC7-9ACE-4061-97E0-1641AC4426FE}.Debug|x64.ActiveCfg = Debug|Any CPU
		{638A4AC7-9ACE-4061-97E0-1641AC4426FE}.Debug|x86.ActiveCfg = Debug|Any CPU
		{638A4AC7-9ACE-4061-97E0-1641AC4426FE}.Release|Any CPU.ActiveCfg = Release|Any CPU
		{638A4AC7-9ACE-4061-97E0-1641AC4426FE}.Release|Any CPU.Build.0 = Release|Any CPU
		{638A4AC7-9ACE-4061-97E0-1641AC4426FE}.Release|Mixed Platforms.ActiveCfg = Release|Any CPU
		{638A4AC7-9ACE-4061-97E0-1641AC4426FE}.Release|Mixed Platforms.Build.0 = Release|Any CPU
		{638A4AC7-9ACE-4061-97E0-1641AC4426FE}.Release|Win32.ActiveCfg = Release|Any CPU
		{638A4AC7-9ACE-4061-97E0-1641AC4426FE}.Release|x64.ActiveCfg = Release|Any CPU
		{638A4AC7-9ACE-4061-97E0-1641AC4426FE}.Release|x86.ActiveCfg = Release|Any CPU
		{B73E5910-EFE5-4986-9157-2D4742093D2F}.ClientDebug|Any CPU.ActiveCfg = Debug|Any CPU
		{B73E5910-EFE5-4986-9157-2D4742093D2F}.ClientDebug|Any CPU.Build.0 = Debug|Any CPU
		{B73E5910-EFE5-4986-9157-2D4742093D2F}.ClientDebug|Mixed Platforms.ActiveCfg = Debug|Any CPU
		{B73E5910-EFE5-4986-9157-2D4742093D2F}.ClientDebug|Mixed Platforms.Build.0 = Debug|Any CPU
		{B73E5910-EFE5-4986-9157-2D4742093D2F}.ClientDebug|Win32.ActiveCfg = Debug|Any CPU
		{B73E5910-EFE5-4986-9157-2D4742093D2F}.ClientDebug|x64.ActiveCfg = Debug|Any CPU
		{B73E5910-EFE5-4986-9157-2D4742093D2F}.ClientDebug|x86.ActiveCfg = Debug|Any CPU
		{B73E5910-EFE5-4986-9157-2D4742093D2F}.Debug|Any CPU.ActiveCfg = Debug|Any CPU
		{B73E5910-EFE5-4986-9157-2D4742093D2F}.Debug|Any CPU.Build.0 = Debug|Any CPU
		{B73E5910-EFE5-4986-9157-2D4742093D2F}.Debug|Mixed Platforms.ActiveCfg = Debug|Any CPU
		{B73E5910-EFE5-4986-9157-2D4742093D2F}.Debug|Mixed Platforms.Build.0 = Debug|Any CPU
		{B73E5910-EFE5-4986-9157-2D4742093D2F}.Debug|Win32.ActiveCfg = Debug|Any CPU
		{B73E5910-EFE5-4986-9157-2D4742093D2F}.Debug|x64.ActiveCfg = Debug|Any CPU
		{B73E5910-EFE5-4986-9157-2D4742093D2F}.Debug|x86.ActiveCfg = Debug|Any CPU
		{B73E5910-EFE5-4986-9157-2D4742093D2F}.Release|Any CPU.ActiveCfg = Release|Any CPU
		{B73E5910-EFE5-4986-9157-2D4742093D2F}.Release|Any CPU.Build.0 = Release|Any CPU
		{B73E5910-EFE5-4986-9157-2D4742093D2F}.Release|Mixed Platforms.ActiveCfg = Release|Any CPU
		{B73E5910-EFE5-4986-9157-2D4742093D2F}.Release|Mixed Platforms.Build.0 = Release|Any CPU
		{B73E5910-EFE5-4986-9157-2D4742093D2F}.Release|Win32.ActiveCfg = Release|Any CPU
		{B73E5910-EFE5-4986-9157-2D4742093D2F}.Release|x64.ActiveCfg = Release|Any CPU
		{B73E5910-EFE5-4986-9157-2D4742093D2F}.Release|x86.ActiveCfg = Release|Any CPU
		{861DF51D-125E-4903-9507-295A03BAEF62}.ClientDebug|Any CPU.ActiveCfg = Debug|Any CPU
		{861DF51D-125E-4903-9507-295A03BAEF62}.ClientDebug|Any CPU.Build.0 = Debug|Any CPU
		{861DF51D-125E-4903-9507-295A03BAEF62}.ClientDebug|Mixed Platforms.ActiveCfg = Debug|Any CPU
		{861DF51D-125E-4903-9507-295A03BAEF62}.ClientDebug|Mixed Platforms.Build.0 = Debug|Any CPU
		{861DF51D-125E-4903-9507-295A03BAEF62}.ClientDebug|Win32.ActiveCfg = Debug|Any CPU
		{861DF51D-125E-4903-9507-295A03BAEF62}.ClientDebug|x64.ActiveCfg = Debug|Any CPU
		{861DF51D-125E-4903-9507-295A03BAEF62}.ClientDebug|x86.ActiveCfg = Debug|Any CPU
		{861DF51D-125E-4903-9507-295A03BAEF62}.Debug|Any CPU.ActiveCfg = Debug|Any CPU
		{861DF51D-125E-4903-9507-295A03BAEF62}.Debug|Any CPU.Build.0 = Debug|Any CPU
		{861DF51D-125E-4903-9507-295A03BAEF62}.Debug|Mixed Platforms.ActiveCfg = Debug|Any CPU
		{861DF51D-125E-4903-9507-295A03BAEF62}.Debug|Mixed Platforms.Build.0 = Debug|Any CPU
		{861DF51D-125E-4903-9507-295A03BAEF62}.Debug|Win32.ActiveCfg = Debug|Any CPU
		{861DF51D-125E-4903-9507-295A03BAEF62}.Debug|x64.ActiveCfg = Debug|Any CPU
		{861DF51D-125E-4903-9507-295A03BAEF62}.Debug|x86.ActiveCfg = Debug|Any CPU
		{861DF51D-125E-4903-9507-295A03BAEF62}.Release|Any CPU.ActiveCfg = Release|Any CPU
		{861DF51D-125E-4903-9507-295A03BAEF62}.Release|Any CPU.Build.0 = Release|Any CPU
		{861DF51D-125E-4903-9507-295A03BAEF62}.Release|Mixed Platforms.ActiveCfg = Release|Any CPU
		{861DF51D-125E-4903-9507-295A03BAEF62}.Release|Mixed Platforms.Build.0 = Release|Any CPU
		{861DF51D-125E-4903-9507-295A03BAEF62}.Release|Win32.ActiveCfg = Release|Any CPU
		{861DF51D-125E-4903-9507-295A03BAEF62}.Release|x64.ActiveCfg = Release|Any CPU
		{861DF51D-125E-4903-9507-295A03BAEF62}.Release|x86.ActiveCfg = Release|Any CPU
		{7ED475E8-A68E-43D7-AB54-624B6A4A0EAE}.ClientDebug|Any CPU.ActiveCfg = Debug|Any CPU
		{7ED475E8-A68E-43D7-AB54-624B6A4A0EAE}.ClientDebug|Any CPU.Build.0 = Debug|Any CPU
		{7ED475E8-A68E-43D7-AB54-624B6A4A0EAE}.ClientDebug|Mixed Platforms.ActiveCfg = Debug|Any CPU
		{7ED475E8-A68E-43D7-AB54-624B6A4A0EAE}.ClientDebug|Mixed Platforms.Build.0 = Debug|Any CPU
		{7ED475E8-A68E-43D7-AB54-624B6A4A0EAE}.ClientDebug|Win32.ActiveCfg = Debug|Any CPU
		{7ED475E8-A68E-43D7-AB54-624B6A4A0EAE}.ClientDebug|x64.ActiveCfg = Debug|Any CPU
		{7ED475E8-A68E-43D7-AB54-624B6A4A0EAE}.ClientDebug|x86.ActiveCfg = Debug|Any CPU
		{7ED475E8-A68E-43D7-AB54-624B6A4A0EAE}.Debug|Any CPU.ActiveCfg = Debug|Any CPU
		{7ED475E8-A68E-43D7-AB54-624B6A4A0EAE}.Debug|Any CPU.Build.0 = Debug|Any CPU
		{7ED475E8-A68E-43D7-AB54-624B6A4A0EAE}.Debug|Mixed Platforms.ActiveCfg = Debug|Any CPU
		{7ED475E8-A68E-43D7-AB54-624B6A4A0EAE}.Debug|Mixed Platforms.Build.0 = Debug|Any CPU
		{7ED475E8-A68E-43D7-AB54-624B6A4A0EAE}.Debug|Win32.ActiveCfg = Debug|Any CPU
		{7ED475E8-A68E-43D7-AB54-624B6A4A0EAE}.Debug|x64.ActiveCfg = Debug|Any CPU
		{7ED475E8-A68E-43D7-AB54-624B6A4A0EAE}.Debug|x86.ActiveCfg = Debug|Any CPU
		{7ED475E8-A68E-43D7-AB54-624B6A4A0EAE}.Release|Any CPU.ActiveCfg = Release|Any CPU
		{7ED475E8-A68E-43D7-AB54-624B6A4A0EAE}.Release|Any CPU.Build.0 = Release|Any CPU
		{7ED475E8-A68E-43D7-AB54-624B6A4A0EAE}.Release|Mixed Platforms.ActiveCfg = Release|Any CPU
		{7ED475E8-A68E-43D7-AB54-624B6A4A0EAE}.Release|Mixed Platforms.Build.0 = Release|Any CPU
		{7ED475E8-A68E-43D7-AB54-624B6A4A0EAE}.Release|Win32.ActiveCfg = Release|Any CPU
		{7ED475E8-A68E-43D7-AB54-624B6A4A0EAE}.Release|x64.ActiveCfg = Release|Any CPU
		{7ED475E8-A68E-43D7-AB54-624B6A4A0EAE}.Release|x86.ActiveCfg = Release|Any CPU
		{0F41432F-0D09-4A88-ABB9-100EC03BC605}.ClientDebug|Any CPU.ActiveCfg = Debug|Any CPU
		{0F41432F-0D09-4A88-ABB9-100EC03BC605}.ClientDebug|Any CPU.Build.0 = Debug|Any CPU
		{0F41432F-0D09-4A88-ABB9-100EC03BC605}.ClientDebug|Mixed Platforms.ActiveCfg = Debug|Any CPU
		{0F41432F-0D09-4A88-ABB9-100EC03BC605}.ClientDebug|Mixed Platforms.Build.0 = Debug|Any CPU
		{0F41432F-0D09-4A88-ABB9-100EC03BC605}.ClientDebug|Win32.ActiveCfg = Debug|Any CPU
		{0F41432F-0D09-4A88-ABB9-100EC03BC605}.ClientDebug|x64.ActiveCfg = Debug|Any CPU
		{0F41432F-0D09-4A88-ABB9-100EC03BC605}.ClientDebug|x86.ActiveCfg = Debug|Any CPU
		{0F41432F-0D09-4A88-ABB9-100EC03BC605}.Debug|Any CPU.ActiveCfg = Debug|Any CPU
		{0F41432F-0D09-4A88-ABB9-100EC03BC605}.Debug|Any CPU.Build.0 = Debug|Any CPU
		{0F41432F-0D09-4A88-ABB9-100EC03BC605}.Debug|Mixed Platforms.ActiveCfg = Debug|Any CPU
		{0F41432F-0D09-4A88-ABB9-100EC03BC605}.Debug|Mixed Platforms.Build.0 = Debug|Any CPU
		{0F41432F-0D09-4A88-ABB9-100EC03BC605}.Debug|Win32.ActiveCfg = Debug|Any CPU
		{0F41432F-0D09-4A88-ABB9-100EC03BC605}.Debug|x64.ActiveCfg = Debug|Any CPU
		{0F41432F-0D09-4A88-ABB9-100EC03BC605}.Debug|x86.ActiveCfg = Debug|Any CPU
		{0F41432F-0D09-4A88-ABB9-100EC03BC605}.Release|Any CPU.ActiveCfg = Release|Any CPU
		{0F41432F-0D09-4A88-ABB9-100EC03BC605}.Release|Any CPU.Build.0 = Release|Any CPU
		{0F41432F-0D09-4A88-ABB9-100EC03BC605}.Release|Mixed Platforms.ActiveCfg = Release|Any CPU
		{0F41432F-0D09-4A88-ABB9-100EC03BC605}.Release|Mixed Platforms.Build.0 = Release|Any CPU
		{0F41432F-0D09-4A88-ABB9-100EC03BC605}.Release|Win32.ActiveCfg = Release|Any CPU
		{0F41432F-0D09-4A88-ABB9-100EC03BC605}.Release|x64.ActiveCfg = Release|Any CPU
		{0F41432F-0D09-4A88-ABB9-100EC03BC605}.Release|x86.ActiveCfg = Release|Any CPU
		{086EAC54-BC4D-45CD-98FC-62FF04D8C546}.ClientDebug|Any CPU.ActiveCfg = Debug|Any CPU
		{086EAC54-BC4D-45CD-98FC-62FF04D8C546}.ClientDebug|Any CPU.Build.0 = Debug|Any CPU
		{086EAC54-BC4D-45CD-98FC-62FF04D8C546}.ClientDebug|Mixed Platforms.ActiveCfg = Debug|Any CPU
		{086EAC54-BC4D-45CD-98FC-62FF04D8C546}.ClientDebug|Mixed Platforms.Build.0 = Debug|Any CPU
		{086EAC54-BC4D-45CD-98FC-62FF04D8C546}.ClientDebug|Win32.ActiveCfg = Debug|Any CPU
		{086EAC54-BC4D-45CD-98FC-62FF04D8C546}.ClientDebug|x64.ActiveCfg = Debug|Any CPU
		{086EAC54-BC4D-45CD-98FC-62FF04D8C546}.ClientDebug|x86.ActiveCfg = Debug|Any CPU
		{086EAC54-BC4D-45CD-98FC-62FF04D8C546}.Debug|Any CPU.ActiveCfg = Debug|Any CPU
		{086EAC54-BC4D-45CD-98FC-62FF04D8C546}.Debug|Any CPU.Build.0 = Debug|Any CPU
		{086EAC54-BC4D-45CD-98FC-62FF04D8C546}.Debug|Mixed Platforms.ActiveCfg = Debug|Any CPU
		{086EAC54-BC4D-45CD-98FC-62FF04D8C546}.Debug|Mixed Platforms.Build.0 = Debug|Any CPU
		{086EAC54-BC4D-45CD-98FC-62FF04D8C546}.Debug|Win32.ActiveCfg = Debug|Any CPU
		{086EAC54-BC4D-45CD-98FC-62FF04D8C546}.Debug|x64.ActiveCfg = Debug|Any CPU
		{086EAC54-BC4D-45CD-98FC-62FF04D8C546}.Debug|x86.ActiveCfg = Debug|Any CPU
		{086EAC54-BC4D-45CD-98FC-62FF04D8C546}.Release|Any CPU.ActiveCfg = Release|Any CPU
		{086EAC54-BC4D-45CD-98FC-62FF04D8C546}.Release|Any CPU.Build.0 = Release|Any CPU
		{086EAC54-BC4D-45CD-98FC-62FF04D8C546}.Release|Mixed Platforms.ActiveCfg = Release|Any CPU
		{086EAC54-BC4D-45CD-98FC-62FF04D8C546}.Release|Mixed Platforms.Build.0 = Release|Any CPU
		{086EAC54-BC4D-45CD-98FC-62FF04D8C546}.Release|Win32.ActiveCfg = Release|Any CPU
		{086EAC54-BC4D-45CD-98FC-62FF04D8C546}.Release|x64.ActiveCfg = Release|Any CPU
		{086EAC54-BC4D-45CD-98FC-62FF04D8C546}.Release|x86.ActiveCfg = Release|Any CPU
		{6494BCCD-3FE4-493F-8C5E-01BD3F91DADB}.ClientDebug|Any CPU.ActiveCfg = Debug|Any CPU
		{6494BCCD-3FE4-493F-8C5E-01BD3F91DADB}.ClientDebug|Any CPU.Build.0 = Debug|Any CPU
		{6494BCCD-3FE4-493F-8C5E-01BD3F91DADB}.ClientDebug|Mixed Platforms.ActiveCfg = Debug|Any CPU
		{6494BCCD-3FE4-493F-8C5E-01BD3F91DADB}.ClientDebug|Mixed Platforms.Build.0 = Debug|Any CPU
		{6494BCCD-3FE4-493F-8C5E-01BD3F91DADB}.ClientDebug|Win32.ActiveCfg = Debug|Any CPU
		{6494BCCD-3FE4-493F-8C5E-01BD3F91DADB}.ClientDebug|x64.ActiveCfg = Debug|Any CPU
		{6494BCCD-3FE4-493F-8C5E-01BD3F91DADB}.ClientDebug|x86.ActiveCfg = Debug|Any CPU
		{6494BCCD-3FE4-493F-8C5E-01BD3F91DADB}.Debug|Any CPU.ActiveCfg = Debug|Any CPU
		{6494BCCD-3FE4-493F-8C5E-01BD3F91DADB}.Debug|Any CPU.Build.0 = Debug|Any CPU
		{6494BCCD-3FE4-493F-8C5E-01BD3F91DADB}.Debug|Mixed Platforms.ActiveCfg = Debug|Any CPU
		{6494BCCD-3FE4-493F-8C5E-01BD3F91DADB}.Debug|Mixed Platforms.Build.0 = Debug|Any CPU
		{6494BCCD-3FE4-493F-8C5E-01BD3F91DADB}.Debug|Win32.ActiveCfg = Debug|Any CPU
		{6494BCCD-3FE4-493F-8C5E-01BD3F91DADB}.Debug|x64.ActiveCfg = Debug|Any CPU
		{6494BCCD-3FE4-493F-8C5E-01BD3F91DADB}.Debug|x86.ActiveCfg = Debug|Any CPU
		{6494BCCD-3FE4-493F-8C5E-01BD3F91DADB}.Release|Any CPU.ActiveCfg = Release|Any CPU
		{6494BCCD-3FE4-493F-8C5E-01BD3F91DADB}.Release|Any CPU.Build.0 = Release|Any CPU
		{6494BCCD-3FE4-493F-8C5E-01BD3F91DADB}.Release|Mixed Platforms.ActiveCfg = Release|Any CPU
		{6494BCCD-3FE4-493F-8C5E-01BD3F91DADB}.Release|Mixed Platforms.Build.0 = Release|Any CPU
		{6494BCCD-3FE4-493F-8C5E-01BD3F91DADB}.Release|Win32.ActiveCfg = Release|Any CPU
		{6494BCCD-3FE4-493F-8C5E-01BD3F91DADB}.Release|x64.ActiveCfg = Release|Any CPU
		{6494BCCD-3FE4-493F-8C5E-01BD3F91DADB}.Release|x86.ActiveCfg = Release|Any CPU
		{6DEB2240-E8B5-4EB2-A868-8A08BCD1F151}.ClientDebug|Any CPU.ActiveCfg = Debug|Any CPU
		{6DEB2240-E8B5-4EB2-A868-8A08BCD1F151}.ClientDebug|Any CPU.Build.0 = Debug|Any CPU
		{6DEB2240-E8B5-4EB2-A868-8A08BCD1F151}.ClientDebug|Mixed Platforms.ActiveCfg = Debug|Any CPU
		{6DEB2240-E8B5-4EB2-A868-8A08BCD1F151}.ClientDebug|Mixed Platforms.Build.0 = Debug|Any CPU
		{6DEB2240-E8B5-4EB2-A868-8A08BCD1F151}.ClientDebug|Win32.ActiveCfg = Debug|Any CPU
		{6DEB2240-E8B5-4EB2-A868-8A08BCD1F151}.ClientDebug|x64.ActiveCfg = Debug|Any CPU
		{6DEB2240-E8B5-4EB2-A868-8A08BCD1F151}.ClientDebug|x86.ActiveCfg = Debug|Any CPU
		{6DEB2240-E8B5-4EB2-A868-8A08BCD1F151}.Debug|Any CPU.ActiveCfg = Debug|Any CPU
		{6DEB2240-E8B5-4EB2-A868-8A08BCD1F151}.Debug|Any CPU.Build.0 = Debug|Any CPU
		{6DEB2240-E8B5-4EB2-A868-8A08BCD1F151}.Debug|Mixed Platforms.ActiveCfg = Debug|Any CPU
		{6DEB2240-E8B5-4EB2-A868-8A08BCD1F151}.Debug|Mixed Platforms.Build.0 = Debug|Any CPU
		{6DEB2240-E8B5-4EB2-A868-8A08BCD1F151}.Debug|Win32.ActiveCfg = Debug|Any CPU
		{6DEB2240-E8B5-4EB2-A868-8A08BCD1F151}.Debug|x64.ActiveCfg = Debug|Any CPU
		{6DEB2240-E8B5-4EB2-A868-8A08BCD1F151}.Debug|x86.ActiveCfg = Debug|Any CPU
		{6DEB2240-E8B5-4EB2-A868-8A08BCD1F151}.Release|Any CPU.ActiveCfg = Release|Any CPU
		{6DEB2240-E8B5-4EB2-A868-8A08BCD1F151}.Release|Any CPU.Build.0 = Release|Any CPU
		{6DEB2240-E8B5-4EB2-A868-8A08BCD1F151}.Release|Mixed Platforms.ActiveCfg = Release|Any CPU
		{6DEB2240-E8B5-4EB2-A868-8A08BCD1F151}.Release|Mixed Platforms.Build.0 = Release|Any CPU
		{6DEB2240-E8B5-4EB2-A868-8A08BCD1F151}.Release|Win32.ActiveCfg = Release|Any CPU
		{6DEB2240-E8B5-4EB2-A868-8A08BCD1F151}.Release|x64.ActiveCfg = Release|Any CPU
		{6DEB2240-E8B5-4EB2-A868-8A08BCD1F151}.Release|x86.ActiveCfg = Release|Any CPU
		{65010BD1-7336-4EA9-8012-67ED7BB2F11F}.ClientDebug|Any CPU.ActiveCfg = Debug|Any CPU
		{65010BD1-7336-4EA9-8012-67ED7BB2F11F}.ClientDebug|Any CPU.Build.0 = Debug|Any CPU
		{65010BD1-7336-4EA9-8012-67ED7BB2F11F}.ClientDebug|Mixed Platforms.ActiveCfg = Debug|Any CPU
		{65010BD1-7336-4EA9-8012-67ED7BB2F11F}.ClientDebug|Mixed Platforms.Build.0 = Debug|Any CPU
		{65010BD1-7336-4EA9-8012-67ED7BB2F11F}.ClientDebug|Win32.ActiveCfg = Debug|Any CPU
		{65010BD1-7336-4EA9-8012-67ED7BB2F11F}.ClientDebug|x64.ActiveCfg = Debug|Any CPU
		{65010BD1-7336-4EA9-8012-67ED7BB2F11F}.ClientDebug|x86.ActiveCfg = Debug|Any CPU
		{65010BD1-7336-4EA9-8012-67ED7BB2F11F}.Debug|Any CPU.ActiveCfg = Debug|Any CPU
		{65010BD1-7336-4EA9-8012-67ED7BB2F11F}.Debug|Any CPU.Build.0 = Debug|Any CPU
		{65010BD1-7336-4EA9-8012-67ED7BB2F11F}.Debug|Mixed Platforms.ActiveCfg = Debug|Any CPU
		{65010BD1-7336-4EA9-8012-67ED7BB2F11F}.Debug|Mixed Platforms.Build.0 = Debug|Any CPU
		{65010BD1-7336-4EA9-8012-67ED7BB2F11F}.Debug|Win32.ActiveCfg = Debug|Any CPU
		{65010BD1-7336-4EA9-8012-67ED7BB2F11F}.Debug|x64.ActiveCfg = Debug|Any CPU
		{65010BD1-7336-4EA9-8012-67ED7BB2F11F}.Debug|x86.ActiveCfg = Debug|Any CPU
		{65010BD1-7336-4EA9-8012-67ED7BB2F11F}.Release|Any CPU.ActiveCfg = Release|Any CPU
		{65010BD1-7336-4EA9-8012-67ED7BB2F11F}.Release|Any CPU.Build.0 = Release|Any CPU
		{65010BD1-7336-4EA9-8012-67ED7BB2F11F}.Release|Mixed Platforms.ActiveCfg = Release|Any CPU
		{65010BD1-7336-4EA9-8012-67ED7BB2F11F}.Release|Mixed Platforms.Build.0 = Release|Any CPU
		{65010BD1-7336-4EA9-8012-67ED7BB2F11F}.Release|Win32.ActiveCfg = Release|Any CPU
		{65010BD1-7336-4EA9-8012-67ED7BB2F11F}.Release|x64.ActiveCfg = Release|Any CPU
		{65010BD1-7336-4EA9-8012-67ED7BB2F11F}.Release|x86.ActiveCfg = Release|Any CPU
		{642D9864-3CD7-404B-99B0-710D66E307F6}.ClientDebug|Any CPU.ActiveCfg = Debug|Any CPU
		{642D9864-3CD7-404B-99B0-710D66E307F6}.ClientDebug|Any CPU.Build.0 = Debug|Any CPU
		{642D9864-3CD7-404B-99B0-710D66E307F6}.ClientDebug|Mixed Platforms.ActiveCfg = Debug|Any CPU
		{642D9864-3CD7-404B-99B0-710D66E307F6}.ClientDebug|Mixed Platforms.Build.0 = Debug|Any CPU
		{642D9864-3CD7-404B-99B0-710D66E307F6}.ClientDebug|Win32.ActiveCfg = Debug|Any CPU
		{642D9864-3CD7-404B-99B0-710D66E307F6}.ClientDebug|x64.ActiveCfg = Debug|Any CPU
		{642D9864-3CD7-404B-99B0-710D66E307F6}.ClientDebug|x86.ActiveCfg = Debug|Any CPU
		{642D9864-3CD7-404B-99B0-710D66E307F6}.Debug|Any CPU.ActiveCfg = Debug|Any CPU
		{642D9864-3CD7-404B-99B0-710D66E307F6}.Debug|Any CPU.Build.0 = Debug|Any CPU
		{642D9864-3CD7-404B-99B0-710D66E307F6}.Debug|Mixed Platforms.ActiveCfg = Debug|Any CPU
		{642D9864-3CD7-404B-99B0-710D66E307F6}.Debug|Mixed Platforms.Build.0 = Debug|Any CPU
		{642D9864-3CD7-404B-99B0-710D66E307F6}.Debug|Win32.ActiveCfg = Debug|Any CPU
		{642D9864-3CD7-404B-99B0-710D66E307F6}.Debug|x64.ActiveCfg = Debug|Any CPU
		{642D9864-3CD7-404B-99B0-710D66E307F6}.Debug|x86.ActiveCfg = Debug|Any CPU
		{642D9864-3CD7-404B-99B0-710D66E307F6}.Release|Any CPU.ActiveCfg = Release|Any CPU
		{642D9864-3CD7-404B-99B0-710D66E307F6}.Release|Any CPU.Build.0 = Release|Any CPU
		{642D9864-3CD7-404B-99B0-710D66E307F6}.Release|Mixed Platforms.ActiveCfg = Release|Any CPU
		{642D9864-3CD7-404B-99B0-710D66E307F6}.Release|Mixed Platforms.Build.0 = Release|Any CPU
		{642D9864-3CD7-404B-99B0-710D66E307F6}.Release|Win32.ActiveCfg = Release|Any CPU
		{642D9864-3CD7-404B-99B0-710D66E307F6}.Release|x64.ActiveCfg = Release|Any CPU
		{642D9864-3CD7-404B-99B0-710D66E307F6}.Release|x86.ActiveCfg = Release|Any CPU
	EndGlobalSection
	GlobalSection(SolutionProperties) = preSolution
		HideSolutionNode = FALSE
	EndGlobalSection
	GlobalSection(NestedProjects) = preSolution
		{0CAFEF7D-158E-4036-950E-8993D97301C6} = {E4C3C6A8-59E2-4BEF-8B56-9EB8169C32B9}
		{3F789879-0944-463C-A747-2F74AD916186} = {0CAFEF7D-158E-4036-950E-8993D97301C6}
		{DB0E2F8C-2834-470B-8BC8-879A35DF570B} = {0CAFEF7D-158E-4036-950E-8993D97301C6}
		{F1F63113-59BE-4CB9-90AB-0FEA9DE4379E} = {0CAFEF7D-158E-4036-950E-8993D97301C6}
		{74363882-6ECC-40F5-A7E7-139DD95B52D3} = {0CAFEF7D-158E-4036-950E-8993D97301C6}
		{5D0E1C54-71C7-4F61-8E45-6B956BE335F6} = {0CAFEF7D-158E-4036-950E-8993D97301C6}
		{ACC082B7-4704-4192-B0DC-DF1BAA1FFD2B} = {0CAFEF7D-158E-4036-950E-8993D97301C6}
		{E3818F5A-6F9F-43F8-9EA7-9B9A8D45E77D} = {5D0E1C54-71C7-4F61-8E45-6B956BE335F6}
		{C1320F2A-68C3-4A29-9193-AEEC1FDBC181} = {5D0E1C54-71C7-4F61-8E45-6B956BE335F6}
		{62467325-6D15-4161-A09D-07B7793DAB68} = {0CAFEF7D-158E-4036-950E-8993D97301C6}
		{D9B1E621-4C9D-4E76-8575-5B2F8FBB8988} = {0CAFEF7D-158E-4036-950E-8993D97301C6}
		{2B68B717-75D4-44CE-B6E8-64249A5F9A70} = {0CAFEF7D-158E-4036-950E-8993D97301C6}
		{71272F38-FC7D-4170-8411-51E27200C791} = {0CAFEF7D-158E-4036-950E-8993D97301C6}
		{6F879B8B-C4B1-4E8D-9BF2-C6376B05E4EC} = {CDE8BFB6-BC30-473E-B6B6-96F0300FC605}
		{D2313E72-6ADE-4DAB-AE30-D61B40923DF1} = {CDE8BFB6-BC30-473E-B6B6-96F0300FC605}
		{CC5D5149-0092-4508-AC34-2ABE1468A1C9} = {D2313E72-6ADE-4DAB-AE30-D61B40923DF1}
		{FD48314A-9615-4BA6-913A-03787FB2DD30} = {D2313E72-6ADE-4DAB-AE30-D61B40923DF1}
		{F53D1B3A-6159-4F76-9253-4E486E72D835} = {51C9B50C-3291-4FFF-80FC-CD8945AD271B}
		{C50E6817-17A6-4B28-95A7-0B04912A679B} = {7EF50C0F-42A9-4737-8EF2-B9AC73FFACA4}
		{93CF03B5-8A1A-4E3A-B9DE-2A42BDAC6858} = {C50E6817-17A6-4B28-95A7-0B04912A679B}
		{659BFB35-376D-46D7-846A-E2319D14F67B} = {074F4C41-ED3D-410D-8967-411AD26EEDF2}
		{9B69CC8C-22E4-4A2A-AB08-C04CE905F143} = {659BFB35-376D-46D7-846A-E2319D14F67B}
		{83C5EB0A-D334-4449-B97C-3FD038460CB4} = {074F4C41-ED3D-410D-8967-411AD26EEDF2}
		{BF532D34-833C-4FB3-88CA-07E58510F130} = {83C5EB0A-D334-4449-B97C-3FD038460CB4}
		{20200902-FF8F-419B-8A53-08897DAFF3E6} = {7EF50C0F-42A9-4737-8EF2-B9AC73FFACA4}
		{7C1E0409-69EF-407F-B063-29057BE04992} = {20200902-FF8F-419B-8A53-08897DAFF3E6}
		{239CA191-4A9B-4C7D-BC61-D1B82CD678D5} = {20200902-FF8F-419B-8A53-08897DAFF3E6}
		{D3394DA2-560D-4A25-9486-A68503B9E360} = {E4C3C6A8-59E2-4BEF-8B56-9EB8169C32B9}
		{C72DC6E2-E4DB-4259-94CF-71BF0A4A71A5} = {E4C3C6A8-59E2-4BEF-8B56-9EB8169C32B9}
		{FE3DCEA7-5314-4B3C-A868-4929C3E7C7EC} = {CDE8BFB6-BC30-473E-B6B6-96F0300FC605}
		{0D4841BB-F58D-4149-8C3E-D3061AFD5B10} = {FE3DCEA7-5314-4B3C-A868-4929C3E7C7EC}
		{540D10B0-39FE-47E7-86AB-AFF845791DAF} = {FE3DCEA7-5314-4B3C-A868-4929C3E7C7EC}
		{0D706F05-DC94-45E0-A04C-1E7B1078B2D0} = {0D4841BB-F58D-4149-8C3E-D3061AFD5B10}
		{E5F76BD9-FD74-4417-96E3-40976F4D73EE} = {0D4841BB-F58D-4149-8C3E-D3061AFD5B10}
		{9EF15B65-A6F6-4272-9053-2B02E649D23A} = {0D4841BB-F58D-4149-8C3E-D3061AFD5B10}
		{FD4B583E-3F0E-45BF-A0BB-F297E598EE16} = {0D4841BB-F58D-4149-8C3E-D3061AFD5B10}
		{53AA0927-CF03-4E55-9EB6-09F4DDACF71F} = {0D4841BB-F58D-4149-8C3E-D3061AFD5B10}
		{E05AE80E-5FD9-4773-8E8F-B691E85BF97A} = {FE3DCEA7-5314-4B3C-A868-4929C3E7C7EC}
		{638A4AC7-9ACE-4061-97E0-1641AC4426FE} = {E05AE80E-5FD9-4773-8E8F-B691E85BF97A}
		{B73E5910-EFE5-4986-9157-2D4742093D2F} = {E05AE80E-5FD9-4773-8E8F-B691E85BF97A}
		{861DF51D-125E-4903-9507-295A03BAEF62} = {E05AE80E-5FD9-4773-8E8F-B691E85BF97A}
		{7ED475E8-A68E-43D7-AB54-624B6A4A0EAE} = {FE3DCEA7-5314-4B3C-A868-4929C3E7C7EC}
		{0F41432F-0D09-4A88-ABB9-100EC03BC605} = {0D4841BB-F58D-4149-8C3E-D3061AFD5B10}
		{086EAC54-BC4D-45CD-98FC-62FF04D8C546} = {0D4841BB-F58D-4149-8C3E-D3061AFD5B10}
		{6494BCCD-3FE4-493F-8C5E-01BD3F91DADB} = {FE3DCEA7-5314-4B3C-A868-4929C3E7C7EC}
		{6DEB2240-E8B5-4EB2-A868-8A08BCD1F151} = {E4C3C6A8-59E2-4BEF-8B56-9EB8169C32B9}
		{C44D49C6-A119-4D60-BA56-A8F9F438A170} = {074F4C41-ED3D-410D-8967-411AD26EEDF2}
		{65010BD1-7336-4EA9-8012-67ED7BB2F11F} = {7EF50C0F-42A9-4737-8EF2-B9AC73FFACA4}
		{642D9864-3CD7-404B-99B0-710D66E307F6} = {C44D49C6-A119-4D60-BA56-A8F9F438A170}
	EndGlobalSection
EndGlobal
