
Microsoft Visual Studio Solution File, Format Version 12.00
# Visual Studio 2012
Project("{FAE04EC0-301F-11D3-BF4B-00C04F79EFBC}") = "DataExportUI", "DataExportUI\DataExportUI.csproj", "{3DB97E7B-0BBA-4922-ADC9-4FB920BAD04D}"
EndProject
Global
	GlobalSection(SolutionConfigurationPlatforms) = preSolution
		Debug|Any CPU = Debug|Any CPU
		Release|Any CPU = Release|Any CPU
	EndGlobalSection
	GlobalSection(ProjectConfigurationPlatforms) = postSolution
		{3DB97E7B-0BBA-4922-ADC9-4FB920BAD04D}.Debug|Any CPU.ActiveCfg = Debug|Any CPU
		{3DB97E7B-0BBA-4922-ADC9-4FB920BAD04D}.Debug|Any CPU.Build.0 = Debug|Any CPU
		{3DB97E7B-0BBA-4922-ADC9-4FB920BAD04D}.Release|Any CPU.ActiveCfg = Release|Any CPU
		{3DB97E7B-0BBA-4922-ADC9-4FB920BAD04D}.Release|Any CPU.Build.0 = Release|Any CPU
	EndGlobalSection
	GlobalSection(SolutionProperties) = preSolution
		HideSolutionNode = FALSE
	EndGlobalSection
EndGlobal
